// !$*UTF8*$!
{
	archiveVersion = 1;
	classes = {
	};
	objectVersion = 50;
	objects = {

/* Begin PBXBuildFile section */
		3E3698FA263BD9C70076AC42 /* NotificationViewController.swift in Sources */ = {isa = PBXBuildFile; fileRef = 3E3698F9263BD9C70076AC42 /* NotificationViewController.swift */; };
		3E4E4FE3263BBC61001B8C74 /* AppDelegate.swift in Sources */ = {isa = PBXBuildFile; fileRef = 3E4E4FE2263BBC61001B8C74 /* AppDelegate.swift */; };
		3E4E4FE5263BBC61001B8C74 /* SceneDelegate.swift in Sources */ = {isa = PBXBuildFile; fileRef = 3E4E4FE4263BBC61001B8C74 /* SceneDelegate.swift */; };
		3E4E4FE7263BBC61001B8C74 /* ViewController.swift in Sources */ = {isa = PBXBuildFile; fileRef = 3E4E4FE6263BBC61001B8C74 /* ViewController.swift */; };
		3E4E4FEA263BBC61001B8C74 /* Main.storyboard in Resources */ = {isa = PBXBuildFile; fileRef = 3E4E4FE8263BBC61001B8C74 /* Main.storyboard */; };
		3E4E4FEC263BBC64001B8C74 /* Assets.xcassets in Resources */ = {isa = PBXBuildFile; fileRef = 3E4E4FEB263BBC64001B8C74 /* Assets.xcassets */; };
		3E4E4FEF263BBC64001B8C74 /* LaunchScreen.storyboard in Resources */ = {isa = PBXBuildFile; fileRef = 3E4E4FED263BBC64001B8C74 /* LaunchScreen.storyboard */; };
		3ED0054A263BC116001EAE98 /* UserPlant.swift in Sources */ = {isa = PBXBuildFile; fileRef = 3ED00549263BC116001EAE98 /* UserPlant.swift */; };
		3ED0054E263BC9F5001EAE98 /* UserPlantTableViewCell.swift in Sources */ = {isa = PBXBuildFile; fileRef = 3ED0054D263BC9F5001EAE98 /* UserPlantTableViewCell.swift */; };
		4267E1668653102CB5A014D9 /* Pods_easyPlantHomeTap.framework in Frameworks */ = {isa = PBXBuildFile; fileRef = B4B58F7107ADBFB6CACF1D28 /* Pods_easyPlantHomeTap.framework */; };
/* End PBXBuildFile section */

/* Begin PBXFileReference section */
		32601B5DD849C0C73275AA1F /* Pods-easyPlantHomeTap.debug.xcconfig */ = {isa = PBXFileReference; includeInIndex = 1; lastKnownFileType = text.xcconfig; name = "Pods-easyPlantHomeTap.debug.xcconfig"; path = "Target Support Files/Pods-easyPlantHomeTap/Pods-easyPlantHomeTap.debug.xcconfig"; sourceTree = "<group>"; };
		3E3698F9263BD9C70076AC42 /* NotificationViewController.swift */ = {isa = PBXFileReference; lastKnownFileType = sourcecode.swift; path = NotificationViewController.swift; sourceTree = "<group>"; };
		3E4E4FDF263BBC61001B8C74 /* easyPlantHomeTap.app */ = {isa = PBXFileReference; explicitFileType = wrapper.application; includeInIndex = 0; path = easyPlantHomeTap.app; sourceTree = BUILT_PRODUCTS_DIR; };
		3E4E4FE2263BBC61001B8C74 /* AppDelegate.swift */ = {isa = PBXFileReference; lastKnownFileType = sourcecode.swift; path = AppDelegate.swift; sourceTree = "<group>"; };
		3E4E4FE4263BBC61001B8C74 /* SceneDelegate.swift */ = {isa = PBXFileReference; lastKnownFileType = sourcecode.swift; path = SceneDelegate.swift; sourceTree = "<group>"; };
		3E4E4FE6263BBC61001B8C74 /* ViewController.swift */ = {isa = PBXFileReference; lastKnownFileType = sourcecode.swift; path = ViewController.swift; sourceTree = "<group>"; };
		3E4E4FE9263BBC61001B8C74 /* Base */ = {isa = PBXFileReference; lastKnownFileType = file.storyboard; name = Base; path = Base.lproj/Main.storyboard; sourceTree = "<group>"; };
		3E4E4FEB263BBC64001B8C74 /* Assets.xcassets */ = {isa = PBXFileReference; lastKnownFileType = folder.assetcatalog; path = Assets.xcassets; sourceTree = "<group>"; };
		3E4E4FEE263BBC64001B8C74 /* Base */ = {isa = PBXFileReference; lastKnownFileType = file.storyboard; name = Base; path = Base.lproj/LaunchScreen.storyboard; sourceTree = "<group>"; };
		3E4E4FF0263BBC64001B8C74 /* Info.plist */ = {isa = PBXFileReference; lastKnownFileType = text.plist.xml; path = Info.plist; sourceTree = "<group>"; };
		3ED00549263BC116001EAE98 /* UserPlant.swift */ = {isa = PBXFileReference; lastKnownFileType = sourcecode.swift; path = UserPlant.swift; sourceTree = "<group>"; };
		3ED0054D263BC9F5001EAE98 /* UserPlantTableViewCell.swift */ = {isa = PBXFileReference; lastKnownFileType = sourcecode.swift; path = UserPlantTableViewCell.swift; sourceTree = "<group>"; };
		B4B58F7107ADBFB6CACF1D28 /* Pods_easyPlantHomeTap.framework */ = {isa = PBXFileReference; explicitFileType = wrapper.framework; includeInIndex = 0; path = Pods_easyPlantHomeTap.framework; sourceTree = BUILT_PRODUCTS_DIR; };
		B7CE6E3927098D03AD93C78D /* Pods-easyPlantHomeTap.release.xcconfig */ = {isa = PBXFileReference; includeInIndex = 1; lastKnownFileType = text.xcconfig; name = "Pods-easyPlantHomeTap.release.xcconfig"; path = "Target Support Files/Pods-easyPlantHomeTap/Pods-easyPlantHomeTap.release.xcconfig"; sourceTree = "<group>"; };
/* End PBXFileReference section */

/* Begin PBXFrameworksBuildPhase section */
		3E4E4FDC263BBC61001B8C74 /* Frameworks */ = {
			isa = PBXFrameworksBuildPhase;
			buildActionMask = 2147483647;
			files = (
				4267E1668653102CB5A014D9 /* Pods_easyPlantHomeTap.framework in Frameworks */,
			);
			runOnlyForDeploymentPostprocessing = 0;
		};
/* End PBXFrameworksBuildPhase section */

/* Begin PBXGroup section */
		2ACF9034271B7CD197A0320F /* Frameworks */ = {
			isa = PBXGroup;
			children = (
				B4B58F7107ADBFB6CACF1D28 /* Pods_easyPlantHomeTap.framework */,
			);
			name = Frameworks;
			sourceTree = "<group>";
		};
		36C5744A151A622B69FD10E3 /* Pods */ = {
			isa = PBXGroup;
			children = (
				32601B5DD849C0C73275AA1F /* Pods-easyPlantHomeTap.debug.xcconfig */,
				B7CE6E3927098D03AD93C78D /* Pods-easyPlantHomeTap.release.xcconfig */,
			);
			name = Pods;
			path = Pods;
			sourceTree = "<group>";
		};
		3E4E4FD6263BBC61001B8C74 = {
			isa = PBXGroup;
			children = (
				3E4E4FE1263BBC61001B8C74 /* easyPlantHomeTap */,
				3E4E4FE0263BBC61001B8C74 /* Products */,
				36C5744A151A622B69FD10E3 /* Pods */,
				2ACF9034271B7CD197A0320F /* Frameworks */,
			);
			sourceTree = "<group>";
		};
		3E4E4FE0263BBC61001B8C74 /* Products */ = {
			isa = PBXGroup;
			children = (
				3E4E4FDF263BBC61001B8C74 /* easyPlantHomeTap.app */,
			);
			name = Products;
			sourceTree = "<group>";
		};
		3E4E4FE1263BBC61001B8C74 /* easyPlantHomeTap */ = {
			isa = PBXGroup;
			children = (
				3E4E4FE2263BBC61001B8C74 /* AppDelegate.swift */,
				3E4E4FE4263BBC61001B8C74 /* SceneDelegate.swift */,
				3E4E4FE6263BBC61001B8C74 /* ViewController.swift */,
				3E4E4FE8263BBC61001B8C74 /* Main.storyboard */,
				3ED0054D263BC9F5001EAE98 /* UserPlantTableViewCell.swift */,
				3ED00549263BC116001EAE98 /* UserPlant.swift */,
				3E4E4FEB263BBC64001B8C74 /* Assets.xcassets */,
				3E4E4FED263BBC64001B8C74 /* LaunchScreen.storyboard */,
				3E4E4FF0263BBC64001B8C74 /* Info.plist */,
				3E3698F9263BD9C70076AC42 /* NotificationViewController.swift */,
			);
			path = easyPlantHomeTap;
			sourceTree = "<group>";
		};
/* End PBXGroup section */

/* Begin PBXNativeTarget section */
		3E4E4FDE263BBC61001B8C74 /* easyPlantHomeTap */ = {
			isa = PBXNativeTarget;
			buildConfigurationList = 3E4E4FF3263BBC64001B8C74 /* Build configuration list for PBXNativeTarget "easyPlantHomeTap" */;
			buildPhases = (
				ED1600836A2C9AD6A065EBAA /* [CP] Check Pods Manifest.lock */,
				3E4E4FDB263BBC61001B8C74 /* Sources */,
				3E4E4FDC263BBC61001B8C74 /* Frameworks */,
				3E4E4FDD263BBC61001B8C74 /* Resources */,
				548BCAC130A880B60EBF4800 /* [CP] Embed Pods Frameworks */,
			);
			buildRules = (
			);
			dependencies = (
			);
			name = easyPlantHomeTap;
			productName = easyPlantHomeTap;
			productReference = 3E4E4FDF263BBC61001B8C74 /* easyPlantHomeTap.app */;
			productType = "com.apple.product-type.application";
		};
/* End PBXNativeTarget section */

/* Begin PBXProject section */
		3E4E4FD7263BBC61001B8C74 /* Project object */ = {
			isa = PBXProject;
			attributes = {
				LastSwiftUpdateCheck = 1240;
				LastUpgradeCheck = 1240;
				TargetAttributes = {
					3E4E4FDE263BBC61001B8C74 = {
						CreatedOnToolsVersion = 12.4;
					};
				};
			};
			buildConfigurationList = 3E4E4FDA263BBC61001B8C74 /* Build configuration list for PBXProject "easyPlantHomeTap" */;
			compatibilityVersion = "Xcode 9.3";
			developmentRegion = en;
			hasScannedForEncodings = 0;
			knownRegions = (
				en,
				Base,
			);
			mainGroup = 3E4E4FD6263BBC61001B8C74;
			productRefGroup = 3E4E4FE0263BBC61001B8C74 /* Products */;
			projectDirPath = "";
			projectRoot = "";
			targets = (
				3E4E4FDE263BBC61001B8C74 /* easyPlantHomeTap */,
			);
		};
/* End PBXProject section */

/* Begin PBXResourcesBuildPhase section */
		3E4E4FDD263BBC61001B8C74 /* Resources */ = {
			isa = PBXResourcesBuildPhase;
			buildActionMask = 2147483647;
			files = (
				3E4E4FEF263BBC64001B8C74 /* LaunchScreen.storyboard in Resources */,
				3E4E4FEC263BBC64001B8C74 /* Assets.xcassets in Resources */,
				3E4E4FEA263BBC61001B8C74 /* Main.storyboard in Resources */,
			);
			runOnlyForDeploymentPostprocessing = 0;
		};
/* End PBXResourcesBuildPhase section */

/* Begin PBXShellScriptBuildPhase section */
		548BCAC130A880B60EBF4800 /* [CP] Embed Pods Frameworks */ = {
			isa = PBXShellScriptBuildPhase;
			buildActionMask = 2147483647;
			files = (
			);
			inputFileListPaths = (
				"${PODS_ROOT}/Target Support Files/Pods-easyPlantHomeTap/Pods-easyPlantHomeTap-frameworks-${CONFIGURATION}-input-files.xcfilelist",
			);
			name = "[CP] Embed Pods Frameworks";
			outputFileListPaths = (
				"${PODS_ROOT}/Target Support Files/Pods-easyPlantHomeTap/Pods-easyPlantHomeTap-frameworks-${CONFIGURATION}-output-files.xcfilelist",
			);
			runOnlyForDeploymentPostprocessing = 0;
			shellPath = /bin/sh;
			shellScript = "\"${PODS_ROOT}/Target Support Files/Pods-easyPlantHomeTap/Pods-easyPlantHomeTap-frameworks.sh\"\n";
			showEnvVarsInLog = 0;
		};
		ED1600836A2C9AD6A065EBAA /* [CP] Check Pods Manifest.lock */ = {
			isa = PBXShellScriptBuildPhase;
			buildActionMask = 2147483647;
			files = (
			);
			inputFileListPaths = (
			);
			inputPaths = (
				"${PODS_PODFILE_DIR_PATH}/Podfile.lock",
				"${PODS_ROOT}/Manifest.lock",
			);
			name = "[CP] Check Pods Manifest.lock";
			outputFileListPaths = (
			);
			outputPaths = (
				"$(DERIVED_FILE_DIR)/Pods-easyPlantHomeTap-checkManifestLockResult.txt",
			);
			runOnlyForDeploymentPostprocessing = 0;
			shellPath = /bin/sh;
			shellScript = "diff \"${PODS_PODFILE_DIR_PATH}/Podfile.lock\" \"${PODS_ROOT}/Manifest.lock\" > /dev/null\nif [ $? != 0 ] ; then\n    # print error to STDERR\n    echo \"error: The sandbox is not in sync with the Podfile.lock. Run 'pod install' or update your CocoaPods installation.\" >&2\n    exit 1\nfi\n# This output is used by Xcode 'outputs' to avoid re-running this script phase.\necho \"SUCCESS\" > \"${SCRIPT_OUTPUT_FILE_0}\"\n";
			showEnvVarsInLog = 0;
		};
/* End PBXShellScriptBuildPhase section */

/* Begin PBXSourcesBuildPhase section */
		3E4E4FDB263BBC61001B8C74 /* Sources */ = {
			isa = PBXSourcesBuildPhase;
			buildActionMask = 2147483647;
			files = (
				3E4E4FE7263BBC61001B8C74 /* ViewController.swift in Sources */,
				3E4E4FE3263BBC61001B8C74 /* AppDelegate.swift in Sources */,
				3E3698FA263BD9C70076AC42 /* NotificationViewController.swift in Sources */,
				3ED0054E263BC9F5001EAE98 /* UserPlantTableViewCell.swift in Sources */,
				3E4E4FE5263BBC61001B8C74 /* SceneDelegate.swift in Sources */,
				3ED0054A263BC116001EAE98 /* UserPlant.swift in Sources */,
			);
			runOnlyForDeploymentPostprocessing = 0;
		};
/* End PBXSourcesBuildPhase section */

/* Begin PBXVariantGroup section */
		3E4E4FE8263BBC61001B8C74 /* Main.storyboard */ = {
			isa = PBXVariantGroup;
			children = (
				3E4E4FE9263BBC61001B8C74 /* Base */,
			);
			name = Main.storyboard;
			sourceTree = "<group>";
		};
		3E4E4FED263BBC64001B8C74 /* LaunchScreen.storyboard */ = {
			isa = PBXVariantGroup;
			children = (
				3E4E4FEE263BBC64001B8C74 /* Base */,
			);
			name = LaunchScreen.storyboard;
			sourceTree = "<group>";
		};
/* End PBXVariantGroup section */

/* Begin XCBuildConfiguration section */
		3E4E4FF1263BBC64001B8C74 /* Debug */ = {
			isa = XCBuildConfiguration;
			buildSettings = {
				ALWAYS_SEARCH_USER_PATHS = NO;
				CLANG_ANALYZER_NONNULL = YES;
				CLANG_ANALYZER_NUMBER_OBJECT_CONVERSION = YES_AGGRESSIVE;
				CLANG_CXX_LANGUAGE_STANDARD = "gnu++14";
				CLANG_CXX_LIBRARY = "libc++";
				CLANG_ENABLE_MODULES = YES;
				CLANG_ENABLE_OBJC_ARC = YES;
				CLANG_ENABLE_OBJC_WEAK = YES;
				CLANG_WARN_BLOCK_CAPTURE_AUTORELEASING = YES;
				CLANG_WARN_BOOL_CONVERSION = YES;
				CLANG_WARN_COMMA = YES;
				CLANG_WARN_CONSTANT_CONVERSION = YES;
				CLANG_WARN_DEPRECATED_OBJC_IMPLEMENTATIONS = YES;
				CLANG_WARN_DIRECT_OBJC_ISA_USAGE = YES_ERROR;
				CLANG_WARN_DOCUMENTATION_COMMENTS = YES;
				CLANG_WARN_EMPTY_BODY = YES;
				CLANG_WARN_ENUM_CONVERSION = YES;
				CLANG_WARN_INFINITE_RECURSION = YES;
				CLANG_WARN_INT_CONVERSION = YES;
				CLANG_WARN_NON_LITERAL_NULL_CONVERSION = YES;
				CLANG_WARN_OBJC_IMPLICIT_RETAIN_SELF = YES;
				CLANG_WARN_OBJC_LITERAL_CONVERSION = YES;
				CLANG_WARN_OBJC_ROOT_CLASS = YES_ERROR;
				CLANG_WARN_QUOTED_INCLUDE_IN_FRAMEWORK_HEADER = YES;
				CLANG_WARN_RANGE_LOOP_ANALYSIS = YES;
				CLANG_WARN_STRICT_PROTOTYPES = YES;
				CLANG_WARN_SUSPICIOUS_MOVE = YES;
				CLANG_WARN_UNGUARDED_AVAILABILITY = YES_AGGRESSIVE;
				CLANG_WARN_UNREACHABLE_CODE = YES;
				CLANG_WARN__DUPLICATE_METHOD_MATCH = YES;
				COPY_PHASE_STRIP = NO;
				DEBUG_INFORMATION_FORMAT = dwarf;
				ENABLE_STRICT_OBJC_MSGSEND = YES;
				ENABLE_TESTABILITY = YES;
				GCC_C_LANGUAGE_STANDARD = gnu11;
				GCC_DYNAMIC_NO_PIC = NO;
				GCC_NO_COMMON_BLOCKS = YES;
				GCC_OPTIMIZATION_LEVEL = 0;
				GCC_PREPROCESSOR_DEFINITIONS = (
					"DEBUG=1",
					"$(inherited)",
				);
				GCC_WARN_64_TO_32_BIT_CONVERSION = YES;
				GCC_WARN_ABOUT_RETURN_TYPE = YES_ERROR;
				GCC_WARN_UNDECLARED_SELECTOR = YES;
				GCC_WARN_UNINITIALIZED_AUTOS = YES_AGGRESSIVE;
				GCC_WARN_UNUSED_FUNCTION = YES;
				GCC_WARN_UNUSED_VARIABLE = YES;
				IPHONEOS_DEPLOYMENT_TARGET = 14.4;
				MTL_ENABLE_DEBUG_INFO = INCLUDE_SOURCE;
				MTL_FAST_MATH = YES;
				ONLY_ACTIVE_ARCH = YES;
				SDKROOT = iphoneos;
				SWIFT_ACTIVE_COMPILATION_CONDITIONS = DEBUG;
				SWIFT_OPTIMIZATION_LEVEL = "-Onone";
			};
			name = Debug;
		};
		3E4E4FF2263BBC64001B8C74 /* Release */ = {
			isa = XCBuildConfiguration;
			buildSettings = {
				ALWAYS_SEARCH_USER_PATHS = NO;
				CLANG_ANALYZER_NONNULL = YES;
				CLANG_ANALYZER_NUMBER_OBJECT_CONVERSION = YES_AGGRESSIVE;
				CLANG_CXX_LANGUAGE_STANDARD = "gnu++14";
				CLANG_CXX_LIBRARY = "libc++";
				CLANG_ENABLE_MODULES = YES;
				CLANG_ENABLE_OBJC_ARC = YES;
				CLANG_ENABLE_OBJC_WEAK = YES;
				CLANG_WARN_BLOCK_CAPTURE_AUTORELEASING = YES;
				CLANG_WARN_BOOL_CONVERSION = YES;
				CLANG_WARN_COMMA = YES;
				CLANG_WARN_CONSTANT_CONVERSION = YES;
				CLANG_WARN_DEPRECATED_OBJC_IMPLEMENTATIONS = YES;
				CLANG_WARN_DIRECT_OBJC_ISA_USAGE = YES_ERROR;
				CLANG_WARN_DOCUMENTATION_COMMENTS = YES;
				CLANG_WARN_EMPTY_BODY = YES;
				CLANG_WARN_ENUM_CONVERSION = YES;
				CLANG_WARN_INFINITE_RECURSION = YES;
				CLANG_WARN_INT_CONVERSION = YES;
				CLANG_WARN_NON_LITERAL_NULL_CONVERSION = YES;
				CLANG_WARN_OBJC_IMPLICIT_RETAIN_SELF = YES;
				CLANG_WARN_OBJC_LITERAL_CONVERSION = YES;
				CLANG_WARN_OBJC_ROOT_CLASS = YES_ERROR;
				CLANG_WARN_QUOTED_INCLUDE_IN_FRAMEWORK_HEADER = YES;
				CLANG_WARN_RANGE_LOOP_ANALYSIS = YES;
				CLANG_WARN_STRICT_PROTOTYPES = YES;
				CLANG_WARN_SUSPICIOUS_MOVE = YES;
				CLANG_WARN_UNGUARDED_AVAILABILITY = YES_AGGRESSIVE;
				CLANG_WARN_UNREACHABLE_CODE = YES;
				CLANG_WARN__DUPLICATE_METHOD_MATCH = YES;
				COPY_PHASE_STRIP = NO;
				DEBUG_INFORMATION_FORMAT = "dwarf-with-dsym";
				ENABLE_NS_ASSERTIONS = NO;
				ENABLE_STRICT_OBJC_MSGSEND = YES;
				GCC_C_LANGUAGE_STANDARD = gnu11;
				GCC_NO_COMMON_BLOCKS = YES;
				GCC_WARN_64_TO_32_BIT_CONVERSION = YES;
				GCC_WARN_ABOUT_RETURN_TYPE = YES_ERROR;
				GCC_WARN_UNDECLARED_SELECTOR = YES;
				GCC_WARN_UNINITIALIZED_AUTOS = YES_AGGRESSIVE;
				GCC_WARN_UNUSED_FUNCTION = YES;
				GCC_WARN_UNUSED_VARIABLE = YES;
				IPHONEOS_DEPLOYMENT_TARGET = 14.4;
				MTL_ENABLE_DEBUG_INFO = NO;
				MTL_FAST_MATH = YES;
				SDKROOT = iphoneos;
				SWIFT_COMPILATION_MODE = wholemodule;
				SWIFT_OPTIMIZATION_LEVEL = "-O";
				VALIDATE_PRODUCT = YES;
			};
			name = Release;
		};
		3E4E4FF4263BBC64001B8C74 /* Debug */ = {
			isa = XCBuildConfiguration;
			baseConfigurationReference = 32601B5DD849C0C73275AA1F /* Pods-easyPlantHomeTap.debug.xcconfig */;
			buildSettings = {
				ASSETCATALOG_COMPILER_APPICON_NAME = AppIcon;
				ASSETCATALOG_COMPILER_GLOBAL_ACCENT_COLOR_NAME = AccentColor;
				CODE_SIGN_STYLE = Automatic;
				INFOPLIST_FILE = easyPlantHomeTap/Info.plist;
				LD_RUNPATH_SEARCH_PATHS = (
					"$(inherited)",
					"@executable_path/Frameworks",
				);
				PRODUCT_BUNDLE_IDENTIFIER = com.dayun.easyPlantHomeTap;
				PRODUCT_NAME = "$(TARGET_NAME)";
				SWIFT_VERSION = 5.0;
				TARGETED_DEVICE_FAMILY = "1,2";
			};
			name = Debug;
		};
		3E4E4FF5263BBC64001B8C74 /* Release */ = {
			isa = XCBuildConfiguration;
			baseConfigurationReference = B7CE6E3927098D03AD93C78D /* Pods-easyPlantHomeTap.release.xcconfig */;
			buildSettings = {
				ASSETCATALOG_COMPILER_APPICON_NAME = AppIcon;
				ASSETCATALOG_COMPILER_GLOBAL_ACCENT_COLOR_NAME = AccentColor;
				CODE_SIGN_STYLE = Automatic;
				INFOPLIST_FILE = easyPlantHomeTap/Info.plist;
				LD_RUNPATH_SEARCH_PATHS = (
					"$(inherited)",
					"@executable_path/Frameworks",
				);
				PRODUCT_BUNDLE_IDENTIFIER = com.dayun.easyPlantHomeTap;
				PRODUCT_NAME = "$(TARGET_NAME)";
				SWIFT_VERSION = 5.0;
				TARGETED_DEVICE_FAMILY = "1,2";
			};
			name = Release;
		};
/* End XCBuildConfiguration section */

/* Begin XCConfigurationList section */
		3E4E4FDA263BBC61001B8C74 /* Build configuration list for PBXProject "easyPlantHomeTap" */ = {
			isa = XCConfigurationList;
			buildConfigurations = (
				3E4E4FF1263BBC64001B8C74 /* Debug */,
				3E4E4FF2263BBC64001B8C74 /* Release */,
			);
			defaultConfigurationIsVisible = 0;
			defaultConfigurationName = Release;
		};
		3E4E4FF3263BBC64001B8C74 /* Build configuration list for PBXNativeTarget "easyPlantHomeTap" */ = {
			isa = XCConfigurationList;
			buildConfigurations = (
				3E4E4FF4263BBC64001B8C74 /* Debug */,
				3E4E4FF5263BBC64001B8C74 /* Release */,
			);
			defaultConfigurationIsVisible = 0;
			defaultConfigurationName = Release;
		};
/* End XCConfigurationList section */
	};
	rootObject = 3E4E4FD7263BBC61001B8C74 /* Project object */;
}
