// !$*UTF8*$!
{
	archiveVersion = 1;
	classes = {
	};
	objectVersion = 51;
	objects = {

/* Begin PBXBuildFile section */
		12166393263BB8F700125C69 /* AppDelegate.swift in Sources */ = {isa = PBXBuildFile; fileRef = 12166392263BB8F700125C69 /* AppDelegate.swift */; };
		12166395263BB8F700125C69 /* SceneDelegate.swift in Sources */ = {isa = PBXBuildFile; fileRef = 12166394263BB8F700125C69 /* SceneDelegate.swift */; };
		1216639A263BB8F700125C69 /* Main.storyboard in Resources */ = {isa = PBXBuildFile; fileRef = 12166398263BB8F700125C69 /* Main.storyboard */; };
		1216639C263BB8F800125C69 /* Assets.xcassets in Resources */ = {isa = PBXBuildFile; fileRef = 1216639B263BB8F800125C69 /* Assets.xcassets */; };
		1216639F263BB8F800125C69 /* LaunchScreen.storyboard in Resources */ = {isa = PBXBuildFile; fileRef = 1216639D263BB8F800125C69 /* LaunchScreen.storyboard */; };
		121663AA263BB8F800125C69 /* easyPlantTests.swift in Sources */ = {isa = PBXBuildFile; fileRef = 121663A9263BB8F800125C69 /* easyPlantTests.swift */; };
		121663B5263BB8F800125C69 /* easyPlantUITests.swift in Sources */ = {isa = PBXBuildFile; fileRef = 121663B4263BB8F800125C69 /* easyPlantUITests.swift */; };
		121663C6263BBD8200125C69 /* SearchTabViewController.swift in Sources */ = {isa = PBXBuildFile; fileRef = 121663C5263BBD8200125C69 /* SearchTabViewController.swift */; };
		121663CB263BBDE200125C69 /* PlantDetailViewController.swift in Sources */ = {isa = PBXBuildFile; fileRef = 121663CA263BBDE200125C69 /* PlantDetailViewController.swift */; };
		121663D3263BC2AF00125C69 /* CellTableViewCell.swift in Sources */ = {isa = PBXBuildFile; fileRef = 121663D2263BC2AF00125C69 /* CellTableViewCell.swift */; };
		121663DE263BC40400125C69 /* SortTableViewController.swift in Sources */ = {isa = PBXBuildFile; fileRef = 121663DD263BC40400125C69 /* SortTableViewController.swift */; };
		121663E3263BC5AE00125C69 /* Plant.swift in Sources */ = {isa = PBXBuildFile; fileRef = 121663E2263BC5AE00125C69 /* Plant.swift */; };
		1218F174265A0E19000D99F4 /* Home.storyboard in Resources */ = {isa = PBXBuildFile; fileRef = 1218F173265A0E19000D99F4 /* Home.storyboard */; };
		1218F192265A3384000D99F4 /* CustomTabBarController.swift in Sources */ = {isa = PBXBuildFile; fileRef = 1218F191265A3384000D99F4 /* CustomTabBarController.swift */; };
		1218F212265FE3CB000D99F4 /* LevelViewController.swift in Sources */ = {isa = PBXBuildFile; fileRef = 1218F211265FE3CB000D99F4 /* LevelViewController.swift */; };
		12799956266E09750072E9FF /* NotificationViewController.swift in Sources */ = {isa = PBXBuildFile; fileRef = 12799955266E09740072E9FF /* NotificationViewController.swift */; };
		1279995B266E09800072E9FF /* HomeViewController.swift in Sources */ = {isa = PBXBuildFile; fileRef = 1279995A266E09800072E9FF /* HomeViewController.swift */; };
		1296838D2669E9EB00463FD6 /* GoogleService-Info.plist in Resources */ = {isa = PBXBuildFile; fileRef = 1296838C2669E9EB00463FD6 /* GoogleService-Info.plist */; };
		12EA1D2D2647950E009A0A5E /* UserPlantTableViewCell.swift in Sources */ = {isa = PBXBuildFile; fileRef = 12EA1D2C2647950E009A0A5E /* UserPlantTableViewCell.swift */; };
		12EA1D4F264795D5009A0A5E /* MyDiaryViewController.swift in Sources */ = {isa = PBXBuildFile; fileRef = 12EA1D4E264795D5009A0A5E /* MyDiaryViewController.swift */; };
		12EA1DD726510B9A009A0A5E /* CustomNavigationController.swift in Sources */ = {isa = PBXBuildFile; fileRef = 12EA1DD626510B9A009A0A5E /* CustomNavigationController.swift */; };
		3E86CFD9266B709400C99B13 /* PhotosAuthorization.swift in Sources */ = {isa = PBXBuildFile; fileRef = 3E86CFD8266B709300C99B13 /* PhotosAuthorization.swift */; };
		47D8D3177E205A8A242DE88D /* Pods_easyPlant.framework in Frameworks */ = {isa = PBXBuildFile; fileRef = 363F6857E59255F23F5E3AD1 /* Pods_easyPlant.framework */; };
		A0E89ECC6A3B8C88A65010D2 /* Pods_easyPlant_easyPlantUITests.framework in Frameworks */ = {isa = PBXBuildFile; fileRef = 734210460CCC0320E2F9C52E /* Pods_easyPlant_easyPlantUITests.framework */; };
		D6119B2A265F929300D947A0 /* WriteDiaryViewController.swift in Sources */ = {isa = PBXBuildFile; fileRef = D6119B29265F929300D947A0 /* WriteDiaryViewController.swift */; };
		D6119B2C265F92A400D947A0 /* EditUserPlantTableViewController.swift in Sources */ = {isa = PBXBuildFile; fileRef = D6119B2B265F92A400D947A0 /* EditUserPlantTableViewController.swift */; };
		D6AEE1B12647B1EB00E85162 /* Diary.swift in Sources */ = {isa = PBXBuildFile; fileRef = D6AEE1B02647B1EB00E85162 /* Diary.swift */; };
		D6AEE1B32647B1F600E85162 /* UserPlant.swift in Sources */ = {isa = PBXBuildFile; fileRef = D6AEE1B22647B1F600E85162 /* UserPlant.swift */; };
		D6AEE1B52647B20200E85162 /* DiaryCollectionViewCell.swift in Sources */ = {isa = PBXBuildFile; fileRef = D6AEE1B42647B20200E85162 /* DiaryCollectionViewCell.swift */; };
		D6AEE1B72647B20D00E85162 /* MyPlantViewController.swift in Sources */ = {isa = PBXBuildFile; fileRef = D6AEE1B62647B20D00E85162 /* MyPlantViewController.swift */; };
		D6AEE1C72647E76000E85162 /* homePlantSettingTableViewController.swift in Sources */ = {isa = PBXBuildFile; fileRef = D6AEE1C62647E76000E85162 /* homePlantSettingTableViewController.swift */; };
		D6CC2DE026636215009E5710 /* PushAlarmViewController.swift in Sources */ = {isa = PBXBuildFile; fileRef = D6CC2DDF26636214009E5710 /* PushAlarmViewController.swift */; };
		D6CC2DE22663AC57009E5710 /* Level.swift in Sources */ = {isa = PBXBuildFile; fileRef = D6CC2DE12663AC57009E5710 /* Level.swift */; };
		D6CC2DE42663AC68009E5710 /* User.swift in Sources */ = {isa = PBXBuildFile; fileRef = D6CC2DE32663AC68009E5710 /* User.swift */; };
		D6CC2DE62663AFF8009E5710 /* MyPlant.storyboard in Resources */ = {isa = PBXBuildFile; fileRef = D6CC2DE52663AFF8009E5710 /* MyPlant.storyboard */; };
		D6CC2DE82663B14C009E5710 /* UserPlantCollectionViewController.swift in Sources */ = {isa = PBXBuildFile; fileRef = D6CC2DE72663B14C009E5710 /* UserPlantCollectionViewController.swift */; };
		D6CC2DEA2663B22E009E5710 /* UserPlantCollectionViewCell.swift in Sources */ = {isa = PBXBuildFile; fileRef = D6CC2DE92663B22D009E5710 /* UserPlantCollectionViewCell.swift */; };
		E86CEA649CC9CDCC3A75F55D /* Pods_easyPlantTests.framework in Frameworks */ = {isa = PBXBuildFile; fileRef = 5D9888BD1B6573F596E98CCF /* Pods_easyPlantTests.framework */; };
/* End PBXBuildFile section */

/* Begin PBXContainerItemProxy section */
		121663A6263BB8F800125C69 /* PBXContainerItemProxy */ = {
			isa = PBXContainerItemProxy;
			containerPortal = 12166387263BB8F700125C69 /* Project object */;
			proxyType = 1;
			remoteGlobalIDString = 1216638E263BB8F700125C69;
			remoteInfo = easyPlant;
		};
		121663B1263BB8F800125C69 /* PBXContainerItemProxy */ = {
			isa = PBXContainerItemProxy;
			containerPortal = 12166387263BB8F700125C69 /* Project object */;
			proxyType = 1;
			remoteGlobalIDString = 1216638E263BB8F700125C69;
			remoteInfo = easyPlant;
		};
/* End PBXContainerItemProxy section */

/* Begin PBXFileReference section */
		1216638F263BB8F700125C69 /* easyPlant.app */ = {isa = PBXFileReference; explicitFileType = wrapper.application; includeInIndex = 0; path = easyPlant.app; sourceTree = BUILT_PRODUCTS_DIR; };
		12166392263BB8F700125C69 /* AppDelegate.swift */ = {isa = PBXFileReference; lastKnownFileType = sourcecode.swift; path = AppDelegate.swift; sourceTree = "<group>"; };
		12166394263BB8F700125C69 /* SceneDelegate.swift */ = {isa = PBXFileReference; lastKnownFileType = sourcecode.swift; path = SceneDelegate.swift; sourceTree = "<group>"; };
		12166399263BB8F700125C69 /* Base */ = {isa = PBXFileReference; lastKnownFileType = file.storyboard; name = Base; path = Base.lproj/Main.storyboard; sourceTree = "<group>"; };
		1216639B263BB8F800125C69 /* Assets.xcassets */ = {isa = PBXFileReference; lastKnownFileType = folder.assetcatalog; path = Assets.xcassets; sourceTree = "<group>"; };
		1216639E263BB8F800125C69 /* Base */ = {isa = PBXFileReference; lastKnownFileType = file.storyboard; name = Base; path = Base.lproj/LaunchScreen.storyboard; sourceTree = "<group>"; };
		121663A0263BB8F800125C69 /* Info.plist */ = {isa = PBXFileReference; lastKnownFileType = text.plist.xml; path = Info.plist; sourceTree = "<group>"; };
		121663A5263BB8F800125C69 /* easyPlantTests.xctest */ = {isa = PBXFileReference; explicitFileType = wrapper.cfbundle; includeInIndex = 0; path = easyPlantTests.xctest; sourceTree = BUILT_PRODUCTS_DIR; };
		121663A9263BB8F800125C69 /* easyPlantTests.swift */ = {isa = PBXFileReference; lastKnownFileType = sourcecode.swift; path = easyPlantTests.swift; sourceTree = "<group>"; };
		121663AB263BB8F800125C69 /* Info.plist */ = {isa = PBXFileReference; lastKnownFileType = text.plist.xml; path = Info.plist; sourceTree = "<group>"; };
		121663B0263BB8F800125C69 /* easyPlantUITests.xctest */ = {isa = PBXFileReference; explicitFileType = wrapper.cfbundle; includeInIndex = 0; path = easyPlantUITests.xctest; sourceTree = BUILT_PRODUCTS_DIR; };
		121663B4263BB8F800125C69 /* easyPlantUITests.swift */ = {isa = PBXFileReference; lastKnownFileType = sourcecode.swift; path = easyPlantUITests.swift; sourceTree = "<group>"; };
		121663B6263BB8F800125C69 /* Info.plist */ = {isa = PBXFileReference; lastKnownFileType = text.plist.xml; path = Info.plist; sourceTree = "<group>"; };
		121663C5263BBD8200125C69 /* SearchTabViewController.swift */ = {isa = PBXFileReference; lastKnownFileType = sourcecode.swift; path = SearchTabViewController.swift; sourceTree = "<group>"; };
		121663CA263BBDE200125C69 /* PlantDetailViewController.swift */ = {isa = PBXFileReference; lastKnownFileType = sourcecode.swift; path = PlantDetailViewController.swift; sourceTree = "<group>"; };
		121663D2263BC2AF00125C69 /* CellTableViewCell.swift */ = {isa = PBXFileReference; lastKnownFileType = sourcecode.swift; path = CellTableViewCell.swift; sourceTree = "<group>"; };
		121663DD263BC40400125C69 /* SortTableViewController.swift */ = {isa = PBXFileReference; lastKnownFileType = sourcecode.swift; path = SortTableViewController.swift; sourceTree = "<group>"; };
		121663E2263BC5AE00125C69 /* Plant.swift */ = {isa = PBXFileReference; lastKnownFileType = sourcecode.swift; path = Plant.swift; sourceTree = "<group>"; };
		1218F173265A0E19000D99F4 /* Home.storyboard */ = {isa = PBXFileReference; fileEncoding = 4; lastKnownFileType = file.storyboard; path = Home.storyboard; sourceTree = "<group>"; };
		1218F191265A3384000D99F4 /* CustomTabBarController.swift */ = {isa = PBXFileReference; lastKnownFileType = sourcecode.swift; path = CustomTabBarController.swift; sourceTree = "<group>"; };
		1218F211265FE3CB000D99F4 /* LevelViewController.swift */ = {isa = PBXFileReference; lastKnownFileType = sourcecode.swift; path = LevelViewController.swift; sourceTree = "<group>"; };
		12799955266E09740072E9FF /* NotificationViewController.swift */ = {isa = PBXFileReference; fileEncoding = 4; lastKnownFileType = sourcecode.swift; path = NotificationViewController.swift; sourceTree = "<group>"; };
		1279995A266E09800072E9FF /* HomeViewController.swift */ = {isa = PBXFileReference; fileEncoding = 4; lastKnownFileType = sourcecode.swift; path = HomeViewController.swift; sourceTree = "<group>"; };
		1296838C2669E9EB00463FD6 /* GoogleService-Info.plist */ = {isa = PBXFileReference; fileEncoding = 4; lastKnownFileType = text.plist.xml; path = "GoogleService-Info.plist"; sourceTree = "<group>"; };
		12EA1D2C2647950E009A0A5E /* UserPlantTableViewCell.swift */ = {isa = PBXFileReference; fileEncoding = 4; lastKnownFileType = sourcecode.swift; path = UserPlantTableViewCell.swift; sourceTree = "<group>"; };
		12EA1D4E264795D5009A0A5E /* MyDiaryViewController.swift */ = {isa = PBXFileReference; fileEncoding = 4; lastKnownFileType = sourcecode.swift; path = MyDiaryViewController.swift; sourceTree = "<group>"; };
		12EA1DD626510B9A009A0A5E /* CustomNavigationController.swift */ = {isa = PBXFileReference; lastKnownFileType = sourcecode.swift; path = CustomNavigationController.swift; sourceTree = "<group>"; };
		363F6857E59255F23F5E3AD1 /* Pods_easyPlant.framework */ = {isa = PBXFileReference; explicitFileType = wrapper.framework; includeInIndex = 0; path = Pods_easyPlant.framework; sourceTree = BUILT_PRODUCTS_DIR; };
		369230177CD436241BC4D097 /* Pods-easyPlantTests.debug.xcconfig */ = {isa = PBXFileReference; includeInIndex = 1; lastKnownFileType = text.xcconfig; name = "Pods-easyPlantTests.debug.xcconfig"; path = "Target Support Files/Pods-easyPlantTests/Pods-easyPlantTests.debug.xcconfig"; sourceTree = "<group>"; };
		3E86CFD8266B709300C99B13 /* PhotosAuthorization.swift */ = {isa = PBXFileReference; lastKnownFileType = sourcecode.swift; path = PhotosAuthorization.swift; sourceTree = "<group>"; };
		53B379B6017A5E33457B4CF9 /* Pods-easyPlant.release.xcconfig */ = {isa = PBXFileReference; includeInIndex = 1; lastKnownFileType = text.xcconfig; name = "Pods-easyPlant.release.xcconfig"; path = "Target Support Files/Pods-easyPlant/Pods-easyPlant.release.xcconfig"; sourceTree = "<group>"; };
		5D9888BD1B6573F596E98CCF /* Pods_easyPlantTests.framework */ = {isa = PBXFileReference; explicitFileType = wrapper.framework; includeInIndex = 0; path = Pods_easyPlantTests.framework; sourceTree = BUILT_PRODUCTS_DIR; };
		734210460CCC0320E2F9C52E /* Pods_easyPlant_easyPlantUITests.framework */ = {isa = PBXFileReference; explicitFileType = wrapper.framework; includeInIndex = 0; path = Pods_easyPlant_easyPlantUITests.framework; sourceTree = BUILT_PRODUCTS_DIR; };
		BDEB87B524A011DDC049AA18 /* Pods-easyPlant-easyPlantUITests.release.xcconfig */ = {isa = PBXFileReference; includeInIndex = 1; lastKnownFileType = text.xcconfig; name = "Pods-easyPlant-easyPlantUITests.release.xcconfig"; path = "Target Support Files/Pods-easyPlant-easyPlantUITests/Pods-easyPlant-easyPlantUITests.release.xcconfig"; sourceTree = "<group>"; };
		C5736244340C238EC96D6221 /* Pods-easyPlant.debug.xcconfig */ = {isa = PBXFileReference; includeInIndex = 1; lastKnownFileType = text.xcconfig; name = "Pods-easyPlant.debug.xcconfig"; path = "Target Support Files/Pods-easyPlant/Pods-easyPlant.debug.xcconfig"; sourceTree = "<group>"; };
		D6119B29265F929300D947A0 /* WriteDiaryViewController.swift */ = {isa = PBXFileReference; fileEncoding = 4; lastKnownFileType = sourcecode.swift; path = WriteDiaryViewController.swift; sourceTree = "<group>"; };
		D6119B2B265F92A400D947A0 /* EditUserPlantTableViewController.swift */ = {isa = PBXFileReference; fileEncoding = 4; lastKnownFileType = sourcecode.swift; path = EditUserPlantTableViewController.swift; sourceTree = "<group>"; };
		D6AEE1B02647B1EB00E85162 /* Diary.swift */ = {isa = PBXFileReference; fileEncoding = 4; lastKnownFileType = sourcecode.swift; path = Diary.swift; sourceTree = "<group>"; };
		D6AEE1B22647B1F600E85162 /* UserPlant.swift */ = {isa = PBXFileReference; fileEncoding = 4; lastKnownFileType = sourcecode.swift; path = UserPlant.swift; sourceTree = "<group>"; };
		D6AEE1B42647B20200E85162 /* DiaryCollectionViewCell.swift */ = {isa = PBXFileReference; fileEncoding = 4; lastKnownFileType = sourcecode.swift; path = DiaryCollectionViewCell.swift; sourceTree = "<group>"; };
		D6AEE1B62647B20D00E85162 /* MyPlantViewController.swift */ = {isa = PBXFileReference; fileEncoding = 4; lastKnownFileType = sourcecode.swift; path = MyPlantViewController.swift; sourceTree = "<group>"; };
		D6AEE1C62647E76000E85162 /* homePlantSettingTableViewController.swift */ = {isa = PBXFileReference; lastKnownFileType = sourcecode.swift; path = homePlantSettingTableViewController.swift; sourceTree = "<group>"; };
		D6CC2DDF26636214009E5710 /* PushAlarmViewController.swift */ = {isa = PBXFileReference; lastKnownFileType = sourcecode.swift; path = PushAlarmViewController.swift; sourceTree = "<group>"; };
		D6CC2DE12663AC57009E5710 /* Level.swift */ = {isa = PBXFileReference; fileEncoding = 4; lastKnownFileType = sourcecode.swift; path = Level.swift; sourceTree = "<group>"; };
		D6CC2DE32663AC68009E5710 /* User.swift */ = {isa = PBXFileReference; fileEncoding = 4; lastKnownFileType = sourcecode.swift; path = User.swift; sourceTree = "<group>"; };
		D6CC2DE52663AFF8009E5710 /* MyPlant.storyboard */ = {isa = PBXFileReference; fileEncoding = 4; lastKnownFileType = file.storyboard; path = MyPlant.storyboard; sourceTree = "<group>"; };
		D6CC2DE72663B14C009E5710 /* UserPlantCollectionViewController.swift */ = {isa = PBXFileReference; fileEncoding = 4; lastKnownFileType = sourcecode.swift; path = UserPlantCollectionViewController.swift; sourceTree = "<group>"; };
		D6CC2DE92663B22D009E5710 /* UserPlantCollectionViewCell.swift */ = {isa = PBXFileReference; fileEncoding = 4; lastKnownFileType = sourcecode.swift; path = UserPlantCollectionViewCell.swift; sourceTree = "<group>"; };
		EC0A5FE624978012AC1606AF /* Pods-easyPlant-easyPlantUITests.debug.xcconfig */ = {isa = PBXFileReference; includeInIndex = 1; lastKnownFileType = text.xcconfig; name = "Pods-easyPlant-easyPlantUITests.debug.xcconfig"; path = "Target Support Files/Pods-easyPlant-easyPlantUITests/Pods-easyPlant-easyPlantUITests.debug.xcconfig"; sourceTree = "<group>"; };
		FA38A6520A100BAA92880458 /* Pods-easyPlantTests.release.xcconfig */ = {isa = PBXFileReference; includeInIndex = 1; lastKnownFileType = text.xcconfig; name = "Pods-easyPlantTests.release.xcconfig"; path = "Target Support Files/Pods-easyPlantTests/Pods-easyPlantTests.release.xcconfig"; sourceTree = "<group>"; };
/* End PBXFileReference section */

/* Begin PBXFrameworksBuildPhase section */
		1216638C263BB8F700125C69 /* Frameworks */ = {
			isa = PBXFrameworksBuildPhase;
			buildActionMask = 2147483647;
			files = (
				47D8D3177E205A8A242DE88D /* Pods_easyPlant.framework in Frameworks */,
			);
			runOnlyForDeploymentPostprocessing = 0;
		};
		121663A2263BB8F800125C69 /* Frameworks */ = {
			isa = PBXFrameworksBuildPhase;
			buildActionMask = 2147483647;
			files = (
				E86CEA649CC9CDCC3A75F55D /* Pods_easyPlantTests.framework in Frameworks */,
			);
			runOnlyForDeploymentPostprocessing = 0;
		};
		121663AD263BB8F800125C69 /* Frameworks */ = {
			isa = PBXFrameworksBuildPhase;
			buildActionMask = 2147483647;
			files = (
				A0E89ECC6A3B8C88A65010D2 /* Pods_easyPlant_easyPlantUITests.framework in Frameworks */,
			);
			runOnlyForDeploymentPostprocessing = 0;
		};
/* End PBXFrameworksBuildPhase section */

/* Begin PBXGroup section */
		0E31A008ED3A777BDB0AB3B1 /* Pods */ = {
			isa = PBXGroup;
			children = (
				C5736244340C238EC96D6221 /* Pods-easyPlant.debug.xcconfig */,
				53B379B6017A5E33457B4CF9 /* Pods-easyPlant.release.xcconfig */,
				EC0A5FE624978012AC1606AF /* Pods-easyPlant-easyPlantUITests.debug.xcconfig */,
				BDEB87B524A011DDC049AA18 /* Pods-easyPlant-easyPlantUITests.release.xcconfig */,
				369230177CD436241BC4D097 /* Pods-easyPlantTests.debug.xcconfig */,
				FA38A6520A100BAA92880458 /* Pods-easyPlantTests.release.xcconfig */,
			);
			path = Pods;
			sourceTree = "<group>";
		};
		12166386263BB8F700125C69 = {
			isa = PBXGroup;
			children = (
				12166391263BB8F700125C69 /* easyPlant */,
				121663A8263BB8F800125C69 /* easyPlantTests */,
				12166390263BB8F700125C69 /* Products */,
				0E31A008ED3A777BDB0AB3B1 /* Pods */,
				552CB5891E536838BF9C75AD /* Frameworks */,
				D6119B28265F905A00D947A0 /* Recovered References */,
			);
			sourceTree = "<group>";
		};
		12166390263BB8F700125C69 /* Products */ = {
			isa = PBXGroup;
			children = (
				1216638F263BB8F700125C69 /* easyPlant.app */,
				121663A5263BB8F800125C69 /* easyPlantTests.xctest */,
				121663B0263BB8F800125C69 /* easyPlantUITests.xctest */,
			);
			name = Products;
			sourceTree = "<group>";
		};
		12166391263BB8F700125C69 /* easyPlant */ = {
			isa = PBXGroup;
			children = (
				12166392263BB8F700125C69 /* AppDelegate.swift */,
				12166394263BB8F700125C69 /* SceneDelegate.swift */,
				12799938266E07BD0072E9FF /* Authorization */,
				1279993A266E07CD0072E9FF /* Custom */,
				12799939266E07C80072E9FF /* Data */,
				12EA1D7426479699009A0A5E /* Home */,
				12EA1D76264796AE009A0A5E /* Myplant */,
				12EA1D77264796BA009A0A5E /* Search */,
				1216639B263BB8F800125C69 /* Assets.xcassets */,
				1218F173265A0E19000D99F4 /* Home.storyboard */,
				12166398263BB8F700125C69 /* Main.storyboard */,
				D6CC2DE52663AFF8009E5710 /* MyPlant.storyboard */,
				1216639D263BB8F800125C69 /* LaunchScreen.storyboard */,
				121663A0263BB8F800125C69 /* Info.plist */,
				1296838C2669E9EB00463FD6 /* GoogleService-Info.plist */,
				121663B3263BB8F800125C69 /* easyPlantUITests */,
			);
			path = easyPlant;
			sourceTree = "<group>";
		};
		121663A8263BB8F800125C69 /* easyPlantTests */ = {
			isa = PBXGroup;
			children = (
				121663A9263BB8F800125C69 /* easyPlantTests.swift */,
				121663AB263BB8F800125C69 /* Info.plist */,
			);
			path = easyPlantTests;
			sourceTree = "<group>";
		};
		121663B3263BB8F800125C69 /* easyPlantUITests */ = {
			isa = PBXGroup;
			children = (
				121663B4263BB8F800125C69 /* easyPlantUITests.swift */,
				121663B6263BB8F800125C69 /* Info.plist */,
			);
			path = easyPlantUITests;
			sourceTree = "<group>";
		};
		12799938266E07BD0072E9FF /* Authorization */ = {
			isa = PBXGroup;
			children = (
				3E86CFD8266B709300C99B13 /* PhotosAuthorization.swift */,
			);
			path = Authorization;
			sourceTree = "<group>";
		};
		12799939266E07C80072E9FF /* Data */ = {
			isa = PBXGroup;
			children = (
				D6AEE1B22647B1F600E85162 /* UserPlant.swift */,
				121663E2263BC5AE00125C69 /* Plant.swift */,
				D6CC2DE32663AC68009E5710 /* User.swift */,
				D6AEE1B02647B1EB00E85162 /* Diary.swift */,
				D6CC2DE12663AC57009E5710 /* Level.swift */,
			);
			path = Data;
			sourceTree = "<group>";
		};
		1279993A266E07CD0072E9FF /* Custom */ = {
			isa = PBXGroup;
			children = (
				12EA1DD626510B9A009A0A5E /* CustomNavigationController.swift */,
				1218F191265A3384000D99F4 /* CustomTabBarController.swift */,
			);
			path = Custom;
			sourceTree = "<group>";
		};
		12EA1D7426479699009A0A5E /* Home */ = {
			isa = PBXGroup;
			children = (
				12799955266E09740072E9FF /* NotificationViewController.swift */,
				12EA1D2C2647950E009A0A5E /* UserPlantTableViewCell.swift */,
				1279995A266E09800072E9FF /* HomeViewController.swift */,
				1218F211265FE3CB000D99F4 /* LevelViewController.swift */,
				D6CC2DDF26636214009E5710 /* PushAlarmViewController.swift */,
			);
			path = Home;
			sourceTree = "<group>";
		};
		12EA1D76264796AE009A0A5E /* Myplant */ = {
			isa = PBXGroup;
			children = (
				12EA1D4E264795D5009A0A5E /* MyDiaryViewController.swift */,
				D6AEE1B42647B20200E85162 /* DiaryCollectionViewCell.swift */,
				D6119B29265F929300D947A0 /* WriteDiaryViewController.swift */,
				D6AEE1B62647B20D00E85162 /* MyPlantViewController.swift */,
				D6119B2B265F92A400D947A0 /* EditUserPlantTableViewController.swift */,
				D6CC2DE92663B22D009E5710 /* UserPlantCollectionViewCell.swift */,
				D6CC2DE72663B14C009E5710 /* UserPlantCollectionViewController.swift */,
			);
			path = Myplant;
			sourceTree = "<group>";
		};
		12EA1D77264796BA009A0A5E /* Search */ = {
			isa = PBXGroup;
			children = (
				121663CA263BBDE200125C69 /* PlantDetailViewController.swift */,
				121663C5263BBD8200125C69 /* SearchTabViewController.swift */,
				121663D2263BC2AF00125C69 /* CellTableViewCell.swift */,
				121663DD263BC40400125C69 /* SortTableViewController.swift */,
			);
			path = Search;
			sourceTree = "<group>";
		};
		552CB5891E536838BF9C75AD /* Frameworks */ = {
			isa = PBXGroup;
			children = (
				363F6857E59255F23F5E3AD1 /* Pods_easyPlant.framework */,
				734210460CCC0320E2F9C52E /* Pods_easyPlant_easyPlantUITests.framework */,
				5D9888BD1B6573F596E98CCF /* Pods_easyPlantTests.framework */,
			);
			name = Frameworks;
			sourceTree = "<group>";
		};
		D6119B28265F905A00D947A0 /* Recovered References */ = {
			isa = PBXGroup;
			children = (
				D6AEE1C62647E76000E85162 /* homePlantSettingTableViewController.swift */,
			);
			name = "Recovered References";
			sourceTree = "<group>";
		};
/* End PBXGroup section */

/* Begin PBXNativeTarget section */
		1216638E263BB8F700125C69 /* easyPlant */ = {
			isa = PBXNativeTarget;
			buildConfigurationList = 121663B9263BB8F800125C69 /* Build configuration list for PBXNativeTarget "easyPlant" */;
			buildPhases = (
				222FC39FD46FCCF38B83639E /* [CP] Check Pods Manifest.lock */,
				1216638B263BB8F700125C69 /* Sources */,
				1216638C263BB8F700125C69 /* Frameworks */,
				1216638D263BB8F700125C69 /* Resources */,
				D8CF296E5F3E71E8CABE86AF /* [CP] Embed Pods Frameworks */,
			);
			buildRules = (
			);
			dependencies = (
			);
			name = easyPlant;
			productName = easyPlant;
			productReference = 1216638F263BB8F700125C69 /* easyPlant.app */;
			productType = "com.apple.product-type.application";
		};
		121663A4263BB8F800125C69 /* easyPlantTests */ = {
			isa = PBXNativeTarget;
			buildConfigurationList = 121663BC263BB8F800125C69 /* Build configuration list for PBXNativeTarget "easyPlantTests" */;
			buildPhases = (
				CE0A1993E4F240EFB2EAE84F /* [CP] Check Pods Manifest.lock */,
				121663A1263BB8F800125C69 /* Sources */,
				121663A2263BB8F800125C69 /* Frameworks */,
				121663A3263BB8F800125C69 /* Resources */,
			);
			buildRules = (
			);
			dependencies = (
				121663A7263BB8F800125C69 /* PBXTargetDependency */,
			);
			name = easyPlantTests;
			productName = easyPlantTests;
			productReference = 121663A5263BB8F800125C69 /* easyPlantTests.xctest */;
			productType = "com.apple.product-type.bundle.unit-test";
		};
		121663AF263BB8F800125C69 /* easyPlantUITests */ = {
			isa = PBXNativeTarget;
			buildConfigurationList = 121663BF263BB8F800125C69 /* Build configuration list for PBXNativeTarget "easyPlantUITests" */;
			buildPhases = (
				5C462F344DE17662EDE99108 /* [CP] Check Pods Manifest.lock */,
				121663AC263BB8F800125C69 /* Sources */,
				121663AD263BB8F800125C69 /* Frameworks */,
				121663AE263BB8F800125C69 /* Resources */,
				DE2E2723D57AB452DF793F7B /* [CP] Embed Pods Frameworks */,
			);
			buildRules = (
			);
			dependencies = (
				121663B2263BB8F800125C69 /* PBXTargetDependency */,
			);
			name = easyPlantUITests;
			productName = easyPlantUITests;
			productReference = 121663B0263BB8F800125C69 /* easyPlantUITests.xctest */;
			productType = "com.apple.product-type.bundle.ui-testing";
		};
/* End PBXNativeTarget section */

/* Begin PBXProject section */
		12166387263BB8F700125C69 /* Project object */ = {
			isa = PBXProject;
			attributes = {
				LastSwiftUpdateCheck = 1240;
				LastUpgradeCheck = 1240;
				TargetAttributes = {
					1216638E263BB8F700125C69 = {
						CreatedOnToolsVersion = 12.4;
					};
					121663A4263BB8F800125C69 = {
						CreatedOnToolsVersion = 12.4;
						TestTargetID = 1216638E263BB8F700125C69;
					};
					121663AF263BB8F800125C69 = {
						CreatedOnToolsVersion = 12.4;
						TestTargetID = 1216638E263BB8F700125C69;
					};
				};
			};
			buildConfigurationList = 1216638A263BB8F700125C69 /* Build configuration list for PBXProject "easyPlant" */;
			compatibilityVersion = "Xcode 9.3";
			developmentRegion = en;
			hasScannedForEncodings = 0;
			knownRegions = (
				en,
				Base,
			);
			mainGroup = 12166386263BB8F700125C69;
			productRefGroup = 12166390263BB8F700125C69 /* Products */;
			projectDirPath = "";
			projectRoot = "";
			targets = (
				1216638E263BB8F700125C69 /* easyPlant */,
				121663A4263BB8F800125C69 /* easyPlantTests */,
				121663AF263BB8F800125C69 /* easyPlantUITests */,
			);
		};
/* End PBXProject section */

/* Begin PBXResourcesBuildPhase section */
		1216638D263BB8F700125C69 /* Resources */ = {
			isa = PBXResourcesBuildPhase;
			buildActionMask = 2147483647;
			files = (
				1216639F263BB8F800125C69 /* LaunchScreen.storyboard in Resources */,
				1216639C263BB8F800125C69 /* Assets.xcassets in Resources */,
				1216639A263BB8F700125C69 /* Main.storyboard in Resources */,
				D6CC2DE62663AFF8009E5710 /* MyPlant.storyboard in Resources */,
				1218F174265A0E19000D99F4 /* Home.storyboard in Resources */,
				1296838D2669E9EB00463FD6 /* GoogleService-Info.plist in Resources */,
			);
			runOnlyForDeploymentPostprocessing = 0;
		};
		121663A3263BB8F800125C69 /* Resources */ = {
			isa = PBXResourcesBuildPhase;
			buildActionMask = 2147483647;
			files = (
			);
			runOnlyForDeploymentPostprocessing = 0;
		};
		121663AE263BB8F800125C69 /* Resources */ = {
			isa = PBXResourcesBuildPhase;
			buildActionMask = 2147483647;
			files = (
			);
			runOnlyForDeploymentPostprocessing = 0;
		};
/* End PBXResourcesBuildPhase section */

/* Begin PBXShellScriptBuildPhase section */
		222FC39FD46FCCF38B83639E /* [CP] Check Pods Manifest.lock */ = {
			isa = PBXShellScriptBuildPhase;
			buildActionMask = 2147483647;
			files = (
			);
			inputFileListPaths = (
			);
			inputPaths = (
				"${PODS_PODFILE_DIR_PATH}/Podfile.lock",
				"${PODS_ROOT}/Manifest.lock",
			);
			name = "[CP] Check Pods Manifest.lock";
			outputFileListPaths = (
			);
			outputPaths = (
				"$(DERIVED_FILE_DIR)/Pods-easyPlant-checkManifestLockResult.txt",
			);
			runOnlyForDeploymentPostprocessing = 0;
			shellPath = /bin/sh;
			shellScript = "diff \"${PODS_PODFILE_DIR_PATH}/Podfile.lock\" \"${PODS_ROOT}/Manifest.lock\" > /dev/null\nif [ $? != 0 ] ; then\n    # print error to STDERR\n    echo \"error: The sandbox is not in sync with the Podfile.lock. Run 'pod install' or update your CocoaPods installation.\" >&2\n    exit 1\nfi\n# This output is used by Xcode 'outputs' to avoid re-running this script phase.\necho \"SUCCESS\" > \"${SCRIPT_OUTPUT_FILE_0}\"\n";
			showEnvVarsInLog = 0;
		};
		5C462F344DE17662EDE99108 /* [CP] Check Pods Manifest.lock */ = {
			isa = PBXShellScriptBuildPhase;
			buildActionMask = 2147483647;
			files = (
			);
			inputFileListPaths = (
			);
			inputPaths = (
				"${PODS_PODFILE_DIR_PATH}/Podfile.lock",
				"${PODS_ROOT}/Manifest.lock",
			);
			name = "[CP] Check Pods Manifest.lock";
			outputFileListPaths = (
			);
			outputPaths = (
				"$(DERIVED_FILE_DIR)/Pods-easyPlant-easyPlantUITests-checkManifestLockResult.txt",
			);
			runOnlyForDeploymentPostprocessing = 0;
			shellPath = /bin/sh;
			shellScript = "diff \"${PODS_PODFILE_DIR_PATH}/Podfile.lock\" \"${PODS_ROOT}/Manifest.lock\" > /dev/null\nif [ $? != 0 ] ; then\n    # print error to STDERR\n    echo \"error: The sandbox is not in sync with the Podfile.lock. Run 'pod install' or update your CocoaPods installation.\" >&2\n    exit 1\nfi\n# This output is used by Xcode 'outputs' to avoid re-running this script phase.\necho \"SUCCESS\" > \"${SCRIPT_OUTPUT_FILE_0}\"\n";
			showEnvVarsInLog = 0;
		};
		CE0A1993E4F240EFB2EAE84F /* [CP] Check Pods Manifest.lock */ = {
			isa = PBXShellScriptBuildPhase;
			buildActionMask = 2147483647;
			files = (
			);
			inputFileListPaths = (
			);
			inputPaths = (
				"${PODS_PODFILE_DIR_PATH}/Podfile.lock",
				"${PODS_ROOT}/Manifest.lock",
			);
			name = "[CP] Check Pods Manifest.lock";
			outputFileListPaths = (
			);
			outputPaths = (
				"$(DERIVED_FILE_DIR)/Pods-easyPlantTests-checkManifestLockResult.txt",
			);
			runOnlyForDeploymentPostprocessing = 0;
			shellPath = /bin/sh;
			shellScript = "diff \"${PODS_PODFILE_DIR_PATH}/Podfile.lock\" \"${PODS_ROOT}/Manifest.lock\" > /dev/null\nif [ $? != 0 ] ; then\n    # print error to STDERR\n    echo \"error: The sandbox is not in sync with the Podfile.lock. Run 'pod install' or update your CocoaPods installation.\" >&2\n    exit 1\nfi\n# This output is used by Xcode 'outputs' to avoid re-running this script phase.\necho \"SUCCESS\" > \"${SCRIPT_OUTPUT_FILE_0}\"\n";
			showEnvVarsInLog = 0;
		};
		D8CF296E5F3E71E8CABE86AF /* [CP] Embed Pods Frameworks */ = {
			isa = PBXShellScriptBuildPhase;
			buildActionMask = 2147483647;
			files = (
			);
			inputFileListPaths = (
				"${PODS_ROOT}/Target Support Files/Pods-easyPlant/Pods-easyPlant-frameworks-${CONFIGURATION}-input-files.xcfilelist",
			);
			name = "[CP] Embed Pods Frameworks";
			outputFileListPaths = (
				"${PODS_ROOT}/Target Support Files/Pods-easyPlant/Pods-easyPlant-frameworks-${CONFIGURATION}-output-files.xcfilelist",
			);
			runOnlyForDeploymentPostprocessing = 0;
			shellPath = /bin/sh;
			shellScript = "\"${PODS_ROOT}/Target Support Files/Pods-easyPlant/Pods-easyPlant-frameworks.sh\"\n";
			showEnvVarsInLog = 0;
		};
		DE2E2723D57AB452DF793F7B /* [CP] Embed Pods Frameworks */ = {
			isa = PBXShellScriptBuildPhase;
			buildActionMask = 2147483647;
			files = (
			);
			inputFileListPaths = (
				"${PODS_ROOT}/Target Support Files/Pods-easyPlant-easyPlantUITests/Pods-easyPlant-easyPlantUITests-frameworks-${CONFIGURATION}-input-files.xcfilelist",
			);
			name = "[CP] Embed Pods Frameworks";
			outputFileListPaths = (
				"${PODS_ROOT}/Target Support Files/Pods-easyPlant-easyPlantUITests/Pods-easyPlant-easyPlantUITests-frameworks-${CONFIGURATION}-output-files.xcfilelist",
			);
			runOnlyForDeploymentPostprocessing = 0;
			shellPath = /bin/sh;
			shellScript = "\"${PODS_ROOT}/Target Support Files/Pods-easyPlant-easyPlantUITests/Pods-easyPlant-easyPlantUITests-frameworks.sh\"\n";
			showEnvVarsInLog = 0;
		};
/* End PBXShellScriptBuildPhase section */

/* Begin PBXSourcesBuildPhase section */
		1216638B263BB8F700125C69 /* Sources */ = {
			isa = PBXSourcesBuildPhase;
			buildActionMask = 2147483647;
			files = (
				D6AEE1B52647B20200E85162 /* DiaryCollectionViewCell.swift in Sources */,
				12EA1D2D2647950E009A0A5E /* UserPlantTableViewCell.swift in Sources */,
				1218F212265FE3CB000D99F4 /* LevelViewController.swift in Sources */,
				121663E3263BC5AE00125C69 /* Plant.swift in Sources */,
				D6AEE1B12647B1EB00E85162 /* Diary.swift in Sources */,
				D6CC2DE22663AC57009E5710 /* Level.swift in Sources */,
				D6CC2DE82663B14C009E5710 /* UserPlantCollectionViewController.swift in Sources */,
				D6CC2DE42663AC68009E5710 /* User.swift in Sources */,
				121663C6263BBD8200125C69 /* SearchTabViewController.swift in Sources */,
				12799956266E09750072E9FF /* NotificationViewController.swift in Sources */,
				12166393263BB8F700125C69 /* AppDelegate.swift in Sources */,
				D6CC2DEA2663B22E009E5710 /* UserPlantCollectionViewCell.swift in Sources */,
				121663D3263BC2AF00125C69 /* CellTableViewCell.swift in Sources */,
				D6AEE1B72647B20D00E85162 /* MyPlantViewController.swift in Sources */,
				12EA1D4F264795D5009A0A5E /* MyDiaryViewController.swift in Sources */,
				D6119B2A265F929300D947A0 /* WriteDiaryViewController.swift in Sources */,
				D6AEE1B32647B1F600E85162 /* UserPlant.swift in Sources */,
				1279995B266E09800072E9FF /* HomeViewController.swift in Sources */,
				D6CC2DE026636215009E5710 /* PushAlarmViewController.swift in Sources */,
				D6119B2C265F92A400D947A0 /* EditUserPlantTableViewController.swift in Sources */,
				121663CB263BBDE200125C69 /* PlantDetailViewController.swift in Sources */,
				1218F192265A3384000D99F4 /* CustomTabBarController.swift in Sources */,
				12EA1DD726510B9A009A0A5E /* CustomNavigationController.swift in Sources */,
				D6AEE1C72647E76000E85162 /* homePlantSettingTableViewController.swift in Sources */,
				12166395263BB8F700125C69 /* SceneDelegate.swift in Sources */,
				3E86CFD9266B709400C99B13 /* PhotosAuthorization.swift in Sources */,
				121663DE263BC40400125C69 /* SortTableViewController.swift in Sources */,
			);
			runOnlyForDeploymentPostprocessing = 0;
		};
		121663A1263BB8F800125C69 /* Sources */ = {
			isa = PBXSourcesBuildPhase;
			buildActionMask = 2147483647;
			files = (
				121663AA263BB8F800125C69 /* easyPlantTests.swift in Sources */,
			);
			runOnlyForDeploymentPostprocessing = 0;
		};
		121663AC263BB8F800125C69 /* Sources */ = {
			isa = PBXSourcesBuildPhase;
			buildActionMask = 2147483647;
			files = (
				121663B5263BB8F800125C69 /* easyPlantUITests.swift in Sources */,
			);
			runOnlyForDeploymentPostprocessing = 0;
		};
/* End PBXSourcesBuildPhase section */

/* Begin PBXTargetDependency section */
		121663A7263BB8F800125C69 /* PBXTargetDependency */ = {
			isa = PBXTargetDependency;
			target = 1216638E263BB8F700125C69 /* easyPlant */;
			targetProxy = 121663A6263BB8F800125C69 /* PBXContainerItemProxy */;
		};
		121663B2263BB8F800125C69 /* PBXTargetDependency */ = {
			isa = PBXTargetDependency;
			target = 1216638E263BB8F700125C69 /* easyPlant */;
			targetProxy = 121663B1263BB8F800125C69 /* PBXContainerItemProxy */;
		};
/* End PBXTargetDependency section */

/* Begin PBXVariantGroup section */
		12166398263BB8F700125C69 /* Main.storyboard */ = {
			isa = PBXVariantGroup;
			children = (
				12166399263BB8F700125C69 /* Base */,
			);
			name = Main.storyboard;
			sourceTree = "<group>";
		};
		1216639D263BB8F800125C69 /* LaunchScreen.storyboard */ = {
			isa = PBXVariantGroup;
			children = (
				1216639E263BB8F800125C69 /* Base */,
			);
			name = LaunchScreen.storyboard;
			sourceTree = "<group>";
		};
/* End PBXVariantGroup section */

/* Begin XCBuildConfiguration section */
		121663B7263BB8F800125C69 /* Debug */ = {
			isa = XCBuildConfiguration;
			buildSettings = {
				ALWAYS_SEARCH_USER_PATHS = NO;
				CLANG_ANALYZER_NONNULL = YES;
				CLANG_ANALYZER_NUMBER_OBJECT_CONVERSION = YES_AGGRESSIVE;
				CLANG_CXX_LANGUAGE_STANDARD = "gnu++14";
				CLANG_CXX_LIBRARY = "libc++";
				CLANG_ENABLE_MODULES = YES;
				CLANG_ENABLE_OBJC_ARC = YES;
				CLANG_ENABLE_OBJC_WEAK = YES;
				CLANG_WARN_BLOCK_CAPTURE_AUTORELEASING = YES;
				CLANG_WARN_BOOL_CONVERSION = YES;
				CLANG_WARN_COMMA = YES;
				CLANG_WARN_CONSTANT_CONVERSION = YES;
				CLANG_WARN_DEPRECATED_OBJC_IMPLEMENTATIONS = YES;
				CLANG_WARN_DIRECT_OBJC_ISA_USAGE = YES_ERROR;
				CLANG_WARN_DOCUMENTATION_COMMENTS = YES;
				CLANG_WARN_EMPTY_BODY = YES;
				CLANG_WARN_ENUM_CONVERSION = YES;
				CLANG_WARN_INFINITE_RECURSION = YES;
				CLANG_WARN_INT_CONVERSION = YES;
				CLANG_WARN_NON_LITERAL_NULL_CONVERSION = YES;
				CLANG_WARN_OBJC_IMPLICIT_RETAIN_SELF = YES;
				CLANG_WARN_OBJC_LITERAL_CONVERSION = YES;
				CLANG_WARN_OBJC_ROOT_CLASS = YES_ERROR;
				CLANG_WARN_QUOTED_INCLUDE_IN_FRAMEWORK_HEADER = YES;
				CLANG_WARN_RANGE_LOOP_ANALYSIS = YES;
				CLANG_WARN_STRICT_PROTOTYPES = YES;
				CLANG_WARN_SUSPICIOUS_MOVE = YES;
				CLANG_WARN_UNGUARDED_AVAILABILITY = YES_AGGRESSIVE;
				CLANG_WARN_UNREACHABLE_CODE = YES;
				CLANG_WARN__DUPLICATE_METHOD_MATCH = YES;
				COPY_PHASE_STRIP = NO;
				DEBUG_INFORMATION_FORMAT = dwarf;
				ENABLE_STRICT_OBJC_MSGSEND = YES;
				ENABLE_TESTABILITY = YES;
				GCC_C_LANGUAGE_STANDARD = gnu11;
				GCC_DYNAMIC_NO_PIC = NO;
				GCC_NO_COMMON_BLOCKS = YES;
				GCC_OPTIMIZATION_LEVEL = 0;
				GCC_PREPROCESSOR_DEFINITIONS = (
					"DEBUG=1",
					"$(inherited)",
				);
				GCC_WARN_64_TO_32_BIT_CONVERSION = YES;
				GCC_WARN_ABOUT_RETURN_TYPE = YES_ERROR;
				GCC_WARN_UNDECLARED_SELECTOR = YES;
				GCC_WARN_UNINITIALIZED_AUTOS = YES_AGGRESSIVE;
				GCC_WARN_UNUSED_FUNCTION = YES;
				GCC_WARN_UNUSED_VARIABLE = YES;
				IPHONEOS_DEPLOYMENT_TARGET = 14.4;
				MTL_ENABLE_DEBUG_INFO = INCLUDE_SOURCE;
				MTL_FAST_MATH = YES;
				ONLY_ACTIVE_ARCH = YES;
				SDKROOT = iphoneos;
				SWIFT_ACTIVE_COMPILATION_CONDITIONS = DEBUG;
				SWIFT_OPTIMIZATION_LEVEL = "-Onone";
			};
			name = Debug;
		};
		121663B8263BB8F800125C69 /* Release */ = {
			isa = XCBuildConfiguration;
			buildSettings = {
				ALWAYS_SEARCH_USER_PATHS = NO;
				CLANG_ANALYZER_NONNULL = YES;
				CLANG_ANALYZER_NUMBER_OBJECT_CONVERSION = YES_AGGRESSIVE;
				CLANG_CXX_LANGUAGE_STANDARD = "gnu++14";
				CLANG_CXX_LIBRARY = "libc++";
				CLANG_ENABLE_MODULES = YES;
				CLANG_ENABLE_OBJC_ARC = YES;
				CLANG_ENABLE_OBJC_WEAK = YES;
				CLANG_WARN_BLOCK_CAPTURE_AUTORELEASING = YES;
				CLANG_WARN_BOOL_CONVERSION = YES;
				CLANG_WARN_COMMA = YES;
				CLANG_WARN_CONSTANT_CONVERSION = YES;
				CLANG_WARN_DEPRECATED_OBJC_IMPLEMENTATIONS = YES;
				CLANG_WARN_DIRECT_OBJC_ISA_USAGE = YES_ERROR;
				CLANG_WARN_DOCUMENTATION_COMMENTS = YES;
				CLANG_WARN_EMPTY_BODY = YES;
				CLANG_WARN_ENUM_CONVERSION = YES;
				CLANG_WARN_INFINITE_RECURSION = YES;
				CLANG_WARN_INT_CONVERSION = YES;
				CLANG_WARN_NON_LITERAL_NULL_CONVERSION = YES;
				CLANG_WARN_OBJC_IMPLICIT_RETAIN_SELF = YES;
				CLANG_WARN_OBJC_LITERAL_CONVERSION = YES;
				CLANG_WARN_OBJC_ROOT_CLASS = YES_ERROR;
				CLANG_WARN_QUOTED_INCLUDE_IN_FRAMEWORK_HEADER = YES;
				CLANG_WARN_RANGE_LOOP_ANALYSIS = YES;
				CLANG_WARN_STRICT_PROTOTYPES = YES;
				CLANG_WARN_SUSPICIOUS_MOVE = YES;
				CLANG_WARN_UNGUARDED_AVAILABILITY = YES_AGGRESSIVE;
				CLANG_WARN_UNREACHABLE_CODE = YES;
				CLANG_WARN__DUPLICATE_METHOD_MATCH = YES;
				COPY_PHASE_STRIP = NO;
				DEBUG_INFORMATION_FORMAT = "dwarf-with-dsym";
				ENABLE_NS_ASSERTIONS = NO;
				ENABLE_STRICT_OBJC_MSGSEND = YES;
				GCC_C_LANGUAGE_STANDARD = gnu11;
				GCC_NO_COMMON_BLOCKS = YES;
				GCC_WARN_64_TO_32_BIT_CONVERSION = YES;
				GCC_WARN_ABOUT_RETURN_TYPE = YES_ERROR;
				GCC_WARN_UNDECLARED_SELECTOR = YES;
				GCC_WARN_UNINITIALIZED_AUTOS = YES_AGGRESSIVE;
				GCC_WARN_UNUSED_FUNCTION = YES;
				GCC_WARN_UNUSED_VARIABLE = YES;
				IPHONEOS_DEPLOYMENT_TARGET = 14.4;
				MTL_ENABLE_DEBUG_INFO = NO;
				MTL_FAST_MATH = YES;
				SDKROOT = iphoneos;
				SWIFT_COMPILATION_MODE = wholemodule;
				SWIFT_OPTIMIZATION_LEVEL = "-O";
				VALIDATE_PRODUCT = YES;
			};
			name = Release;
		};
		121663BA263BB8F800125C69 /* Debug */ = {
			isa = XCBuildConfiguration;
			baseConfigurationReference = C5736244340C238EC96D6221 /* Pods-easyPlant.debug.xcconfig */;
			buildSettings = {
				ASSETCATALOG_COMPILER_APPICON_NAME = AppIcon;
				ASSETCATALOG_COMPILER_GLOBAL_ACCENT_COLOR_NAME = AccentColor;
				CODE_SIGN_STYLE = Automatic;
				DEVELOPMENT_TEAM = 4QG3GC35LA;
				INFOPLIST_FILE = easyPlant/Info.plist;
				LD_RUNPATH_SEARCH_PATHS = (
					"$(inherited)",
					"@executable_path/Frameworks",
				);
				PRODUCT_BUNDLE_IDENTIFIER = com.codershigh.easyPlant;
				PRODUCT_NAME = "$(TARGET_NAME)";
				SWIFT_VERSION = 5.0;
				TARGETED_DEVICE_FAMILY = "1,2";
			};
			name = Debug;
		};
		121663BB263BB8F800125C69 /* Release */ = {
			isa = XCBuildConfiguration;
			baseConfigurationReference = 53B379B6017A5E33457B4CF9 /* Pods-easyPlant.release.xcconfig */;
			buildSettings = {
				ASSETCATALOG_COMPILER_APPICON_NAME = AppIcon;
				ASSETCATALOG_COMPILER_GLOBAL_ACCENT_COLOR_NAME = AccentColor;
				CODE_SIGN_STYLE = Automatic;
				DEVELOPMENT_TEAM = 4QG3GC35LA;
				INFOPLIST_FILE = easyPlant/Info.plist;
				LD_RUNPATH_SEARCH_PATHS = (
					"$(inherited)",
					"@executable_path/Frameworks",
				);
				PRODUCT_BUNDLE_IDENTIFIER = com.codershigh.easyPlant;
				PRODUCT_NAME = "$(TARGET_NAME)";
				SWIFT_VERSION = 5.0;
				TARGETED_DEVICE_FAMILY = "1,2";
			};
			name = Release;
		};
		121663BD263BB8F800125C69 /* Debug */ = {
			isa = XCBuildConfiguration;
			baseConfigurationReference = 369230177CD436241BC4D097 /* Pods-easyPlantTests.debug.xcconfig */;
			buildSettings = {
				ALWAYS_EMBED_SWIFT_STANDARD_LIBRARIES = YES;
				BUNDLE_LOADER = "$(TEST_HOST)";
				CODE_SIGN_STYLE = Automatic;
				INFOPLIST_FILE = easyPlantTests/Info.plist;
				IPHONEOS_DEPLOYMENT_TARGET = 14.4;
				LD_RUNPATH_SEARCH_PATHS = (
					"$(inherited)",
					"@executable_path/Frameworks",
					"@loader_path/Frameworks",
				);
				PRODUCT_BUNDLE_IDENTIFIER = yujin.easyPlantTests;
				PRODUCT_NAME = "$(TARGET_NAME)";
				SWIFT_VERSION = 5.0;
				TARGETED_DEVICE_FAMILY = "1,2";
				TEST_HOST = "$(BUILT_PRODUCTS_DIR)/easyPlant.app/easyPlant";
			};
			name = Debug;
		};
		121663BE263BB8F800125C69 /* Release */ = {
			isa = XCBuildConfiguration;
			baseConfigurationReference = FA38A6520A100BAA92880458 /* Pods-easyPlantTests.release.xcconfig */;
			buildSettings = {
				ALWAYS_EMBED_SWIFT_STANDARD_LIBRARIES = YES;
				BUNDLE_LOADER = "$(TEST_HOST)";
				CODE_SIGN_STYLE = Automatic;
				INFOPLIST_FILE = easyPlantTests/Info.plist;
				IPHONEOS_DEPLOYMENT_TARGET = 14.4;
				LD_RUNPATH_SEARCH_PATHS = (
					"$(inherited)",
					"@executable_path/Frameworks",
					"@loader_path/Frameworks",
				);
				PRODUCT_BUNDLE_IDENTIFIER = yujin.easyPlantTests;
				PRODUCT_NAME = "$(TARGET_NAME)";
				SWIFT_VERSION = 5.0;
				TARGETED_DEVICE_FAMILY = "1,2";
				TEST_HOST = "$(BUILT_PRODUCTS_DIR)/easyPlant.app/easyPlant";
			};
			name = Release;
		};
		121663C0263BB8F800125C69 /* Debug */ = {
			isa = XCBuildConfiguration;
			baseConfigurationReference = EC0A5FE624978012AC1606AF /* Pods-easyPlant-easyPlantUITests.debug.xcconfig */;
			buildSettings = {
				ALWAYS_EMBED_SWIFT_STANDARD_LIBRARIES = YES;
				CODE_SIGN_STYLE = Automatic;
				INFOPLIST_FILE = easyPlantUITests/Info.plist;
				LD_RUNPATH_SEARCH_PATHS = (
					"$(inherited)",
					"@executable_path/Frameworks",
					"@loader_path/Frameworks",
				);
				PRODUCT_BUNDLE_IDENTIFIER = yujin.easyPlantUITests;
				PRODUCT_NAME = "$(TARGET_NAME)";
				SWIFT_VERSION = 5.0;
				TARGETED_DEVICE_FAMILY = "1,2";
				TEST_TARGET_NAME = easyPlant;
			};
			name = Debug;
		};
		121663C1263BB8F800125C69 /* Release */ = {
			isa = XCBuildConfiguration;
			baseConfigurationReference = BDEB87B524A011DDC049AA18 /* Pods-easyPlant-easyPlantUITests.release.xcconfig */;
			buildSettings = {
				ALWAYS_EMBED_SWIFT_STANDARD_LIBRARIES = YES;
				CODE_SIGN_STYLE = Automatic;
				INFOPLIST_FILE = easyPlantUITests/Info.plist;
				LD_RUNPATH_SEARCH_PATHS = (
					"$(inherited)",
					"@executable_path/Frameworks",
					"@loader_path/Frameworks",
				);
				PRODUCT_BUNDLE_IDENTIFIER = yujin.easyPlantUITests;
				PRODUCT_NAME = "$(TARGET_NAME)";
				SWIFT_VERSION = 5.0;
				TARGETED_DEVICE_FAMILY = "1,2";
				TEST_TARGET_NAME = easyPlant;
			};
			name = Release;
		};
/* End XCBuildConfiguration section */

/* Begin XCConfigurationList section */
		1216638A263BB8F700125C69 /* Build configuration list for PBXProject "easyPlant" */ = {
			isa = XCConfigurationList;
			buildConfigurations = (
				121663B7263BB8F800125C69 /* Debug */,
				121663B8263BB8F800125C69 /* Release */,
			);
			defaultConfigurationIsVisible = 0;
			defaultConfigurationName = Release;
		};
		121663B9263BB8F800125C69 /* Build configuration list for PBXNativeTarget "easyPlant" */ = {
			isa = XCConfigurationList;
			buildConfigurations = (
				121663BA263BB8F800125C69 /* Debug */,
				121663BB263BB8F800125C69 /* Release */,
			);
			defaultConfigurationIsVisible = 0;
			defaultConfigurationName = Release;
		};
		121663BC263BB8F800125C69 /* Build configuration list for PBXNativeTarget "easyPlantTests" */ = {
			isa = XCConfigurationList;
			buildConfigurations = (
				121663BD263BB8F800125C69 /* Debug */,
				121663BE263BB8F800125C69 /* Release */,
			);
			defaultConfigurationIsVisible = 0;
			defaultConfigurationName = Release;
		};
		121663BF263BB8F800125C69 /* Build configuration list for PBXNativeTarget "easyPlantUITests" */ = {
			isa = XCConfigurationList;
			buildConfigurations = (
				121663C0263BB8F800125C69 /* Debug */,
				121663C1263BB8F800125C69 /* Release */,
			);
			defaultConfigurationIsVisible = 0;
			defaultConfigurationName = Release;
		};
/* End XCConfigurationList section */
	};
	rootObject = 12166387263BB8F700125C69 /* Project object */;
}
