// !$*UTF8*$!
{
	archiveVersion = 1;
	classes = {
	};
	objectVersion = 50;
	objects = {

/* Begin PBXBuildFile section */
		D623F067263BBA0F00EF9D5D /* AppDelegate.swift in Sources */ = {isa = PBXBuildFile; fileRef = D623F066263BBA0F00EF9D5D /* AppDelegate.swift */; };
		D623F069263BBA0F00EF9D5D /* SceneDelegate.swift in Sources */ = {isa = PBXBuildFile; fileRef = D623F068263BBA0F00EF9D5D /* SceneDelegate.swift */; };
		D623F06E263BBA0F00EF9D5D /* Main.storyboard in Resources */ = {isa = PBXBuildFile; fileRef = D623F06C263BBA0F00EF9D5D /* Main.storyboard */; };
		D623F070263BBA1100EF9D5D /* Assets.xcassets in Resources */ = {isa = PBXBuildFile; fileRef = D623F06F263BBA1100EF9D5D /* Assets.xcassets */; };
		D623F07C263BBB3200EF9D5D /* userPlant.swift in Sources */ = {isa = PBXBuildFile; fileRef = D623F07B263BBB3200EF9D5D /* userPlant.swift */; };
		D623F07F263BBBE800EF9D5D /* Diary.swift in Sources */ = {isa = PBXBuildFile; fileRef = D623F07E263BBBE800EF9D5D /* Diary.swift */; };
		D623F089263BC2A800EF9D5D /* userPlantCollectionViewCell.swift in Sources */ = {isa = PBXBuildFile; fileRef = D623F088263BC2A800EF9D5D /* userPlantCollectionViewCell.swift */; };
		D623F08F263BC73C00EF9D5D /* userPlantsCollectionViewController.swift in Sources */ = {isa = PBXBuildFile; fileRef = D623F08E263BC73C00EF9D5D /* userPlantsCollectionViewController.swift */; };
		D623F094263BD5E600EF9D5D /* myPlantViewController.swift in Sources */ = {isa = PBXBuildFile; fileRef = D623F093263BD5E600EF9D5D /* myPlantViewController.swift */; };
		D623F09A263BE67300EF9D5D /* diaryCollectionViewCell.swift in Sources */ = {isa = PBXBuildFile; fileRef = D623F099263BE67300EF9D5D /* diaryCollectionViewCell.swift */; };
		D623F09E263BEFB500EF9D5D /* myDiaryViewController.swift in Sources */ = {isa = PBXBuildFile; fileRef = D623F09D263BEFB500EF9D5D /* myDiaryViewController.swift */; };
/* End PBXBuildFile section */

/* Begin PBXFileReference section */
		D623F063263BBA0F00EF9D5D /* easyPlant_myPlant.app */ = {isa = PBXFileReference; explicitFileType = wrapper.application; includeInIndex = 0; path = easyPlant_myPlant.app; sourceTree = BUILT_PRODUCTS_DIR; };
		D623F066263BBA0F00EF9D5D /* AppDelegate.swift */ = {isa = PBXFileReference; lastKnownFileType = sourcecode.swift; path = AppDelegate.swift; sourceTree = "<group>"; };
		D623F068263BBA0F00EF9D5D /* SceneDelegate.swift */ = {isa = PBXFileReference; lastKnownFileType = sourcecode.swift; path = SceneDelegate.swift; sourceTree = "<group>"; };
		D623F06D263BBA0F00EF9D5D /* Base */ = {isa = PBXFileReference; lastKnownFileType = file.storyboard; name = Base; path = Base.lproj/Main.storyboard; sourceTree = "<group>"; };
		D623F06F263BBA1100EF9D5D /* Assets.xcassets */ = {isa = PBXFileReference; lastKnownFileType = folder.assetcatalog; path = Assets.xcassets; sourceTree = "<group>"; };
		D623F074263BBA1100EF9D5D /* Info.plist */ = {isa = PBXFileReference; lastKnownFileType = text.plist.xml; path = Info.plist; sourceTree = "<group>"; };
		D623F07B263BBB3200EF9D5D /* userPlant.swift */ = {isa = PBXFileReference; lastKnownFileType = sourcecode.swift; path = userPlant.swift; sourceTree = "<group>"; };
		D623F07E263BBBE800EF9D5D /* Diary.swift */ = {isa = PBXFileReference; lastKnownFileType = sourcecode.swift; path = Diary.swift; sourceTree = "<group>"; };
		D623F088263BC2A800EF9D5D /* userPlantCollectionViewCell.swift */ = {isa = PBXFileReference; lastKnownFileType = sourcecode.swift; path = userPlantCollectionViewCell.swift; sourceTree = "<group>"; };
		D623F08E263BC73C00EF9D5D /* userPlantsCollectionViewController.swift */ = {isa = PBXFileReference; lastKnownFileType = sourcecode.swift; path = userPlantsCollectionViewController.swift; sourceTree = "<group>"; };
		D623F093263BD5E600EF9D5D /* myPlantViewController.swift */ = {isa = PBXFileReference; lastKnownFileType = sourcecode.swift; path = myPlantViewController.swift; sourceTree = "<group>"; };
		D623F099263BE67300EF9D5D /* diaryCollectionViewCell.swift */ = {isa = PBXFileReference; lastKnownFileType = sourcecode.swift; path = diaryCollectionViewCell.swift; sourceTree = "<group>"; };
		D623F09D263BEFB500EF9D5D /* myDiaryViewController.swift */ = {isa = PBXFileReference; lastKnownFileType = sourcecode.swift; path = myDiaryViewController.swift; sourceTree = "<group>"; };
/* End PBXFileReference section */

/* Begin PBXFrameworksBuildPhase section */
		D623F060263BBA0E00EF9D5D /* Frameworks */ = {
			isa = PBXFrameworksBuildPhase;
			buildActionMask = 2147483647;
			files = (
			);
			runOnlyForDeploymentPostprocessing = 0;
		};
/* End PBXFrameworksBuildPhase section */

/* Begin PBXGroup section */
		D623F05A263BBA0E00EF9D5D = {
			isa = PBXGroup;
			children = (
				D623F065263BBA0F00EF9D5D /* easyPlant_myPlant */,
				D623F064263BBA0F00EF9D5D /* Products */,
			);
			sourceTree = "<group>";
		};
		D623F064263BBA0F00EF9D5D /* Products */ = {
			isa = PBXGroup;
			children = (
				D623F063263BBA0F00EF9D5D /* easyPlant_myPlant.app */,
			);
			name = Products;
			sourceTree = "<group>";
		};
		D623F065263BBA0F00EF9D5D /* easyPlant_myPlant */ = {
			isa = PBXGroup;
			children = (
				D623F066263BBA0F00EF9D5D /* AppDelegate.swift */,
				D623F068263BBA0F00EF9D5D /* SceneDelegate.swift */,
				D623F06C263BBA0F00EF9D5D /* Main.storyboard */,
				D623F09D263BEFB500EF9D5D /* myDiaryViewController.swift */,
				D623F099263BE67300EF9D5D /* diaryCollectionViewCell.swift */,
				D623F093263BD5E600EF9D5D /* myPlantViewController.swift */,
				D623F08E263BC73C00EF9D5D /* userPlantsCollectionViewController.swift */,
				D623F088263BC2A800EF9D5D /* userPlantCollectionViewCell.swift */,
				D623F07B263BBB3200EF9D5D /* userPlant.swift */,
				D623F07E263BBBE800EF9D5D /* Diary.swift */,
				D623F06F263BBA1100EF9D5D /* Assets.xcassets */,
				D623F074263BBA1100EF9D5D /* Info.plist */,
			);
			path = easyPlant_myPlant;
			sourceTree = "<group>";
		};
/* End PBXGroup section */

/* Begin PBXNativeTarget section */
		D623F062263BBA0E00EF9D5D /* easyPlant_myPlant */ = {
			isa = PBXNativeTarget;
			buildConfigurationList = D623F077263BBA1100EF9D5D /* Build configuration list for PBXNativeTarget "easyPlant_myPlant" */;
			buildPhases = (
				D623F05F263BBA0E00EF9D5D /* Sources */,
				D623F060263BBA0E00EF9D5D /* Frameworks */,
				D623F061263BBA0E00EF9D5D /* Resources */,
			);
			buildRules = (
			);
			dependencies = (
			);
			name = easyPlant_myPlant;
			productName = easyPlant_myPlant;
			productReference = D623F063263BBA0F00EF9D5D /* easyPlant_myPlant.app */;
			productType = "com.apple.product-type.application";
		};
/* End PBXNativeTarget section */

/* Begin PBXProject section */
		D623F05B263BBA0E00EF9D5D /* Project object */ = {
			isa = PBXProject;
			attributes = {
				LastSwiftUpdateCheck = 1240;
				LastUpgradeCheck = 1240;
				TargetAttributes = {
					D623F062263BBA0E00EF9D5D = {
						CreatedOnToolsVersion = 12.4;
					};
				};
			};
			buildConfigurationList = D623F05E263BBA0E00EF9D5D /* Build configuration list for PBXProject "easyPlant_myPlant" */;
			compatibilityVersion = "Xcode 9.3";
			developmentRegion = en;
			hasScannedForEncodings = 0;
			knownRegions = (
				en,
				Base,
			);
			mainGroup = D623F05A263BBA0E00EF9D5D;
			productRefGroup = D623F064263BBA0F00EF9D5D /* Products */;
			projectDirPath = "";
			projectRoot = "";
			targets = (
				D623F062263BBA0E00EF9D5D /* easyPlant_myPlant */,
			);
		};
/* End PBXProject section */

/* Begin PBXResourcesBuildPhase section */
		D623F061263BBA0E00EF9D5D /* Resources */ = {
			isa = PBXResourcesBuildPhase;
			buildActionMask = 2147483647;
			files = (
				D623F070263BBA1100EF9D5D /* Assets.xcassets in Resources */,
				D623F06E263BBA0F00EF9D5D /* Main.storyboard in Resources */,
			);
			runOnlyForDeploymentPostprocessing = 0;
		};
/* End PBXResourcesBuildPhase section */

/* Begin PBXSourcesBuildPhase section */
		D623F05F263BBA0E00EF9D5D /* Sources */ = {
			isa = PBXSourcesBuildPhase;
			buildActionMask = 2147483647;
			files = (
				D623F07C263BBB3200EF9D5D /* userPlant.swift in Sources */,
				D623F094263BD5E600EF9D5D /* myPlantViewController.swift in Sources */,
				D623F09E263BEFB500EF9D5D /* myDiaryViewController.swift in Sources */,
				D623F09A263BE67300EF9D5D /* diaryCollectionViewCell.swift in Sources */,
				D623F07F263BBBE800EF9D5D /* Diary.swift in Sources */,
				D623F089263BC2A800EF9D5D /* userPlantCollectionViewCell.swift in Sources */,
				D623F067263BBA0F00EF9D5D /* AppDelegate.swift in Sources */,
				D623F08F263BC73C00EF9D5D /* userPlantsCollectionViewController.swift in Sources */,
				D623F069263BBA0F00EF9D5D /* SceneDelegate.swift in Sources */,
			);
			runOnlyForDeploymentPostprocessing = 0;
		};
/* End PBXSourcesBuildPhase section */

/* Begin PBXVariantGroup section */
		D623F06C263BBA0F00EF9D5D /* Main.storyboard */ = {
			isa = PBXVariantGroup;
			children = (
				D623F06D263BBA0F00EF9D5D /* Base */,
			);
			name = Main.storyboard;
			sourceTree = "<group>";
		};
/* End PBXVariantGroup section */

/* Begin XCBuildConfiguration section */
		D623F075263BBA1100EF9D5D /* Debug */ = {
			isa = XCBuildConfiguration;
			buildSettings = {
				ALWAYS_SEARCH_USER_PATHS = NO;
				CLANG_ANALYZER_NONNULL = YES;
				CLANG_ANALYZER_NUMBER_OBJECT_CONVERSION = YES_AGGRESSIVE;
				CLANG_CXX_LANGUAGE_STANDARD = "gnu++14";
				CLANG_CXX_LIBRARY = "libc++";
				CLANG_ENABLE_MODULES = YES;
				CLANG_ENABLE_OBJC_ARC = YES;
				CLANG_ENABLE_OBJC_WEAK = YES;
				CLANG_WARN_BLOCK_CAPTURE_AUTORELEASING = YES;
				CLANG_WARN_BOOL_CONVERSION = YES;
				CLANG_WARN_COMMA = YES;
				CLANG_WARN_CONSTANT_CONVERSION = YES;
				CLANG_WARN_DEPRECATED_OBJC_IMPLEMENTATIONS = YES;
				CLANG_WARN_DIRECT_OBJC_ISA_USAGE = YES_ERROR;
				CLANG_WARN_DOCUMENTATION_COMMENTS = YES;
				CLANG_WARN_EMPTY_BODY = YES;
				CLANG_WARN_ENUM_CONVERSION = YES;
				CLANG_WARN_INFINITE_RECURSION = YES;
				CLANG_WARN_INT_CONVERSION = YES;
				CLANG_WARN_NON_LITERAL_NULL_CONVERSION = YES;
				CLANG_WARN_OBJC_IMPLICIT_RETAIN_SELF = YES;
				CLANG_WARN_OBJC_LITERAL_CONVERSION = YES;
				CLANG_WARN_OBJC_ROOT_CLASS = YES_ERROR;
				CLANG_WARN_QUOTED_INCLUDE_IN_FRAMEWORK_HEADER = YES;
				CLANG_WARN_RANGE_LOOP_ANALYSIS = YES;
				CLANG_WARN_STRICT_PROTOTYPES = YES;
				CLANG_WARN_SUSPICIOUS_MOVE = YES;
				CLANG_WARN_UNGUARDED_AVAILABILITY = YES_AGGRESSIVE;
				CLANG_WARN_UNREACHABLE_CODE = YES;
				CLANG_WARN__DUPLICATE_METHOD_MATCH = YES;
				COPY_PHASE_STRIP = NO;
				DEBUG_INFORMATION_FORMAT = dwarf;
				ENABLE_STRICT_OBJC_MSGSEND = YES;
				ENABLE_TESTABILITY = YES;
				GCC_C_LANGUAGE_STANDARD = gnu11;
				GCC_DYNAMIC_NO_PIC = NO;
				GCC_NO_COMMON_BLOCKS = YES;
				GCC_OPTIMIZATION_LEVEL = 0;
				GCC_PREPROCESSOR_DEFINITIONS = (
					"DEBUG=1",
					"$(inherited)",
				);
				GCC_WARN_64_TO_32_BIT_CONVERSION = YES;
				GCC_WARN_ABOUT_RETURN_TYPE = YES_ERROR;
				GCC_WARN_UNDECLARED_SELECTOR = YES;
				GCC_WARN_UNINITIALIZED_AUTOS = YES_AGGRESSIVE;
				GCC_WARN_UNUSED_FUNCTION = YES;
				GCC_WARN_UNUSED_VARIABLE = YES;
				IPHONEOS_DEPLOYMENT_TARGET = 14.4;
				MTL_ENABLE_DEBUG_INFO = INCLUDE_SOURCE;
				MTL_FAST_MATH = YES;
				ONLY_ACTIVE_ARCH = YES;
				SDKROOT = iphoneos;
				SWIFT_ACTIVE_COMPILATION_CONDITIONS = DEBUG;
				SWIFT_OPTIMIZATION_LEVEL = "-Onone";
			};
			name = Debug;
		};
		D623F076263BBA1100EF9D5D /* Release */ = {
			isa = XCBuildConfiguration;
			buildSettings = {
				ALWAYS_SEARCH_USER_PATHS = NO;
				CLANG_ANALYZER_NONNULL = YES;
				CLANG_ANALYZER_NUMBER_OBJECT_CONVERSION = YES_AGGRESSIVE;
				CLANG_CXX_LANGUAGE_STANDARD = "gnu++14";
				CLANG_CXX_LIBRARY = "libc++";
				CLANG_ENABLE_MODULES = YES;
				CLANG_ENABLE_OBJC_ARC = YES;
				CLANG_ENABLE_OBJC_WEAK = YES;
				CLANG_WARN_BLOCK_CAPTURE_AUTORELEASING = YES;
				CLANG_WARN_BOOL_CONVERSION = YES;
				CLANG_WARN_COMMA = YES;
				CLANG_WARN_CONSTANT_CONVERSION = YES;
				CLANG_WARN_DEPRECATED_OBJC_IMPLEMENTATIONS = YES;
				CLANG_WARN_DIRECT_OBJC_ISA_USAGE = YES_ERROR;
				CLANG_WARN_DOCUMENTATION_COMMENTS = YES;
				CLANG_WARN_EMPTY_BODY = YES;
				CLANG_WARN_ENUM_CONVERSION = YES;
				CLANG_WARN_INFINITE_RECURSION = YES;
				CLANG_WARN_INT_CONVERSION = YES;
				CLANG_WARN_NON_LITERAL_NULL_CONVERSION = YES;
				CLANG_WARN_OBJC_IMPLICIT_RETAIN_SELF = YES;
				CLANG_WARN_OBJC_LITERAL_CONVERSION = YES;
				CLANG_WARN_OBJC_ROOT_CLASS = YES_ERROR;
				CLANG_WARN_QUOTED_INCLUDE_IN_FRAMEWORK_HEADER = YES;
				CLANG_WARN_RANGE_LOOP_ANALYSIS = YES;
				CLANG_WARN_STRICT_PROTOTYPES = YES;
				CLANG_WARN_SUSPICIOUS_MOVE = YES;
				CLANG_WARN_UNGUARDED_AVAILABILITY = YES_AGGRESSIVE;
				CLANG_WARN_UNREACHABLE_CODE = YES;
				CLANG_WARN__DUPLICATE_METHOD_MATCH = YES;
				COPY_PHASE_STRIP = NO;
				DEBUG_INFORMATION_FORMAT = "dwarf-with-dsym";
				ENABLE_NS_ASSERTIONS = NO;
				ENABLE_STRICT_OBJC_MSGSEND = YES;
				GCC_C_LANGUAGE_STANDARD = gnu11;
				GCC_NO_COMMON_BLOCKS = YES;
				GCC_WARN_64_TO_32_BIT_CONVERSION = YES;
				GCC_WARN_ABOUT_RETURN_TYPE = YES_ERROR;
				GCC_WARN_UNDECLARED_SELECTOR = YES;
				GCC_WARN_UNINITIALIZED_AUTOS = YES_AGGRESSIVE;
				GCC_WARN_UNUSED_FUNCTION = YES;
				GCC_WARN_UNUSED_VARIABLE = YES;
				IPHONEOS_DEPLOYMENT_TARGET = 14.4;
				MTL_ENABLE_DEBUG_INFO = NO;
				MTL_FAST_MATH = YES;
				SDKROOT = iphoneos;
				SWIFT_COMPILATION_MODE = wholemodule;
				SWIFT_OPTIMIZATION_LEVEL = "-O";
				VALIDATE_PRODUCT = YES;
			};
			name = Release;
		};
		D623F078263BBA1100EF9D5D /* Debug */ = {
			isa = XCBuildConfiguration;
			buildSettings = {
				ASSETCATALOG_COMPILER_APPICON_NAME = AppIcon;
				ASSETCATALOG_COMPILER_GLOBAL_ACCENT_COLOR_NAME = AccentColor;
				CODE_SIGN_STYLE = Automatic;
				DEVELOPMENT_TEAM = 2YJXRFH75A;
				INFOPLIST_FILE = easyPlant_myPlant/Info.plist;
				LD_RUNPATH_SEARCH_PATHS = (
					"$(inherited)",
					"@executable_path/Frameworks",
				);
				PRODUCT_BUNDLE_IDENTIFIER = "hyunsubin.easyPlant-myPlant";
				PRODUCT_NAME = "$(TARGET_NAME)";
				SWIFT_VERSION = 5.0;
				TARGETED_DEVICE_FAMILY = "1,2";
			};
			name = Debug;
		};
		D623F079263BBA1100EF9D5D /* Release */ = {
			isa = XCBuildConfiguration;
			buildSettings = {
				ASSETCATALOG_COMPILER_APPICON_NAME = AppIcon;
				ASSETCATALOG_COMPILER_GLOBAL_ACCENT_COLOR_NAME = AccentColor;
				CODE_SIGN_STYLE = Automatic;
				DEVELOPMENT_TEAM = 2YJXRFH75A;
				INFOPLIST_FILE = easyPlant_myPlant/Info.plist;
				LD_RUNPATH_SEARCH_PATHS = (
					"$(inherited)",
					"@executable_path/Frameworks",
				);
				PRODUCT_BUNDLE_IDENTIFIER = "hyunsubin.easyPlant-myPlant";
				PRODUCT_NAME = "$(TARGET_NAME)";
				SWIFT_VERSION = 5.0;
				TARGETED_DEVICE_FAMILY = "1,2";
			};
			name = Release;
		};
/* End XCBuildConfiguration section */

/* Begin XCConfigurationList section */
		D623F05E263BBA0E00EF9D5D /* Build configuration list for PBXProject "easyPlant_myPlant" */ = {
			isa = XCConfigurationList;
			buildConfigurations = (
				D623F075263BBA1100EF9D5D /* Debug */,
				D623F076263BBA1100EF9D5D /* Release */,
			);
			defaultConfigurationIsVisible = 0;
			defaultConfigurationName = Release;
		};
		D623F077263BBA1100EF9D5D /* Build configuration list for PBXNativeTarget "easyPlant_myPlant" */ = {
			isa = XCConfigurationList;
			buildConfigurations = (
				D623F078263BBA1100EF9D5D /* Debug */,
				D623F079263BBA1100EF9D5D /* Release */,
			);
			defaultConfigurationIsVisible = 0;
			defaultConfigurationName = Release;
		};
/* End XCConfigurationList section */
	};
	rootObject = D623F05B263BBA0E00EF9D5D /* Project object */;
}
